PODS:
  - Kingfisher (8.0.3)
  - lottie-ios (4.4.3)

DEPENDENCIES:
  - Kingfisher
  - lottie-ios (= 4.4.3)

SPEC REPOS:
  trunk:
    - Kingfisher
    - lottie-ios

SPEC CHECKSUMS:
  Kingfisher: bbf78af014cc845cf9a799363f627b5212784165
  lottie-ios: fcb5e73e17ba4c983140b7d21095c834b3087418

PODFILE CHECKSUM: a31922dc306bca5f68fac3e370b60fdf2cf67d61

COCOAPODS: 1.15.2
