// !$*UTF8*$!
{
	archiveVersion = 1;
	classes = {
	};
	objectVersion = 56;
	objects = {

/* Begin PBXBuildFile section */
		10A39382947CDAB693FF92B9 /* Pods_ChefHelperApp.framework in Frameworks */ = {isa = PBXBuildFile; fileRef = EFE29F29234FE2D61485A1A0 /* Pods_ChefHelperApp.framework */; };
		21897970B1E3537C24416178 /* Pods_ChefHelperApp_ChefHelperAppUITests.framework in Frameworks */ = {isa = PBXBuildFile; fileRef = DDC9B9C984FA0AF1A0FCB53C /* Pods_ChefHelperApp_ChefHelperAppUITests.framework */; };
		38253A1E2C874414008FA9F8 /* DetailRecipe0TableViewCell.swift in Sources */ = {isa = PBXBuildFile; fileRef = 38253A1C2C874414008FA9F8 /* DetailRecipe0TableViewCell.swift */; };
		38253A1F2C874414008FA9F8 /* DetailRecipe0TableViewCell.xib in Resources */ = {isa = PBXBuildFile; fileRef = 38253A1D2C874414008FA9F8 /* DetailRecipe0TableViewCell.xib */; };
		38253A242C87542F008FA9F8 /* DetailRecipe1TableViewCell.swift in Sources */ = {isa = PBXBuildFile; fileRef = 38253A222C87542F008FA9F8 /* DetailRecipe1TableViewCell.swift */; };
		38253A252C87542F008FA9F8 /* DetailRecipe1TableViewCell.xib in Resources */ = {isa = PBXBuildFile; fileRef = 38253A232C87542F008FA9F8 /* DetailRecipe1TableViewCell.xib */; };
		38253A2D2C875A29008FA9F8 /* DifficultyLevelComponent.xib in Resources */ = {isa = PBXBuildFile; fileRef = 38253A2C2C875A29008FA9F8 /* DifficultyLevelComponent.xib */; };
		38253A2F2C875A3F008FA9F8 /* DifficultyLevelComponent.swift in Sources */ = {isa = PBXBuildFile; fileRef = 38253A2E2C875A3F008FA9F8 /* DifficultyLevelComponent.swift */; };
		384C93C42C96E34600101FBF /* Login.storyboard in Resources */ = {isa = PBXBuildFile; fileRef = 384C93C32C96E34600101FBF /* Login.storyboard */; };
		384C93C62C96E35600101FBF /* LoginViewController.swift in Sources */ = {isa = PBXBuildFile; fileRef = 384C93C52C96E35600101FBF /* LoginViewController.swift */; };
		384C93C82C96E38600101FBF /* Registration.storyboard in Resources */ = {isa = PBXBuildFile; fileRef = 384C93C72C96E38600101FBF /* Registration.storyboard */; };
		384C93CA2C96E39600101FBF /* RegistrationViewController.swift in Sources */ = {isa = PBXBuildFile; fileRef = 384C93C92C96E39600101FBF /* RegistrationViewController.swift */; };
		384ED3C62C933CBE0095D509 /* PersonCooking.json in Resources */ = {isa = PBXBuildFile; fileRef = 384ED3C52C933CBE0095D509 /* PersonCooking.json */; };
		386084B52C9702E000E3FE3F /* ForgotPassword.storyboard in Resources */ = {isa = PBXBuildFile; fileRef = 386084B42C9702E000E3FE3F /* ForgotPassword.storyboard */; };
		386084B72C97030900E3FE3F /* ForgotPasswordViewController.swift in Sources */ = {isa = PBXBuildFile; fileRef = 386084B62C97030900E3FE3F /* ForgotPasswordViewController.swift */; };
		3896DF862C83EE6400C3AF25 /* AppDelegate.swift in Sources */ = {isa = PBXBuildFile; fileRef = 3896DF852C83EE6400C3AF25 /* AppDelegate.swift */; };
		3896DF882C83EE6400C3AF25 /* SceneDelegate.swift in Sources */ = {isa = PBXBuildFile; fileRef = 3896DF872C83EE6400C3AF25 /* SceneDelegate.swift */; };
		3896DF8D2C83EE6400C3AF25 /* Base in Resources */ = {isa = PBXBuildFile; fileRef = 3896DF8C2C83EE6400C3AF25 /* Base */; };
		3896DF902C83EE6400C3AF25 /* ChefHelperApp.xcdatamodeld in Sources */ = {isa = PBXBuildFile; fileRef = 3896DF8E2C83EE6400C3AF25 /* ChefHelperApp.xcdatamodeld */; };
		3896DF922C83EE6600C3AF25 /* Assets.xcassets in Resources */ = {isa = PBXBuildFile; fileRef = 3896DF912C83EE6600C3AF25 /* Assets.xcassets */; };
		3896DF952C83EE6600C3AF25 /* Base in Resources */ = {isa = PBXBuildFile; fileRef = 3896DF942C83EE6600C3AF25 /* Base */; };
		3896DFA02C83EE6600C3AF25 /* ChefHelperAppTests.swift in Sources */ = {isa = PBXBuildFile; fileRef = 3896DF9F2C83EE6600C3AF25 /* ChefHelperAppTests.swift */; };
		3896DFAA2C83EE6600C3AF25 /* ChefHelperAppUITests.swift in Sources */ = {isa = PBXBuildFile; fileRef = 3896DFA92C83EE6600C3AF25 /* ChefHelperAppUITests.swift */; };
		3896DFAC2C83EE6600C3AF25 /* ChefHelperAppUITestsLaunchTests.swift in Sources */ = {isa = PBXBuildFile; fileRef = 3896DFAB2C83EE6600C3AF25 /* ChefHelperAppUITestsLaunchTests.swift */; };
		3896DFBF2C83F12300C3AF25 /* Home.storyboard in Resources */ = {isa = PBXBuildFile; fileRef = 3896DFBE2C83F12300C3AF25 /* Home.storyboard */; };
		3896DFC12C83F12F00C3AF25 /* Search.storyboard in Resources */ = {isa = PBXBuildFile; fileRef = 3896DFC02C83F12F00C3AF25 /* Search.storyboard */; };
		3896DFC42C83F14200C3AF25 /* Saved.storyboard in Resources */ = {isa = PBXBuildFile; fileRef = 3896DFC32C83F14200C3AF25 /* Saved.storyboard */; };
		3896DFC62C83F14A00C3AF25 /* Profile.storyboard in Resources */ = {isa = PBXBuildFile; fileRef = 3896DFC52C83F14A00C3AF25 /* Profile.storyboard */; };
		3896DFC82C83F18700C3AF25 /* MainTabBarController.swift in Sources */ = {isa = PBXBuildFile; fileRef = 3896DFC72C83F18700C3AF25 /* MainTabBarController.swift */; };
		3896DFCB2C83F1E500C3AF25 /* HomeViewController.swift in Sources */ = {isa = PBXBuildFile; fileRef = 3896DFCA2C83F1E500C3AF25 /* HomeViewController.swift */; };
		3896DFCD2C83F20000C3AF25 /* SearchViewController.swift in Sources */ = {isa = PBXBuildFile; fileRef = 3896DFCC2C83F20000C3AF25 /* SearchViewController.swift */; };
		3896DFCF2C83F22000C3AF25 /* SavedViewController.swift in Sources */ = {isa = PBXBuildFile; fileRef = 3896DFCE2C83F22000C3AF25 /* SavedViewController.swift */; };
		3896DFD12C83F23700C3AF25 /* ProfileViewController.swift in Sources */ = {isa = PBXBuildFile; fileRef = 3896DFD02C83F23700C3AF25 /* ProfileViewController.swift */; };
		3896DFD42C83F5D700C3AF25 /* APIManager.swift in Sources */ = {isa = PBXBuildFile; fileRef = 3896DFD32C83F5D700C3AF25 /* APIManager.swift */; };
		3896DFD92C83F62D00C3AF25 /* NetworkLogger.swift in Sources */ = {isa = PBXBuildFile; fileRef = 3896DFD82C83F62D00C3AF25 /* NetworkLogger.swift */; };
		3896DFDB2C83F64A00C3AF25 /* Reachability.swift in Sources */ = {isa = PBXBuildFile; fileRef = 3896DFDA2C83F64A00C3AF25 /* Reachability.swift */; };
		3896DFDD2C83F66400C3AF25 /* Router.swift in Sources */ = {isa = PBXBuildFile; fileRef = 3896DFDC2C83F66400C3AF25 /* Router.swift */; };
		3896DFE02C83F75500C3AF25 /* KeychainWrapper.swift in Sources */ = {isa = PBXBuildFile; fileRef = 3896DFDF2C83F75500C3AF25 /* KeychainWrapper.swift */; };
		3896DFE22C83F78300C3AF25 /* KeychainWrapperError.swift in Sources */ = {isa = PBXBuildFile; fileRef = 3896DFE12C83F78300C3AF25 /* KeychainWrapperError.swift */; };
		3896DFE52C83F8E800C3AF25 /* Authorisation.storyboard in Resources */ = {isa = PBXBuildFile; fileRef = 3896DFE42C83F8E800C3AF25 /* Authorisation.storyboard */; };
		3896DFE72C83F8FE00C3AF25 /* AuthorisationViewController.swift in Sources */ = {isa = PBXBuildFile; fileRef = 3896DFE62C83F8FE00C3AF25 /* AuthorisationViewController.swift */; };
		3896DFF42C840BC900C3AF25 /* FloatingLabelTextField.swift in Sources */ = {isa = PBXBuildFile; fileRef = 3896DFEB2C840BC900C3AF25 /* FloatingLabelTextField.swift */; };
		3896DFF52C840BC900C3AF25 /* FloatingLabelTextField.xib in Resources */ = {isa = PBXBuildFile; fileRef = 3896DFEC2C840BC900C3AF25 /* FloatingLabelTextField.xib */; };
		3896DFF62C840BC900C3AF25 /* FloatingLabelTextFieldContainerView.swift in Sources */ = {isa = PBXBuildFile; fileRef = 3896DFED2C840BC900C3AF25 /* FloatingLabelTextFieldContainerView.swift */; };
		3896DFF72C840BC900C3AF25 /* FloatingLabelTextFieldContainerView.xib in Resources */ = {isa = PBXBuildFile; fileRef = 3896DFEE2C840BC900C3AF25 /* FloatingLabelTextFieldContainerView.xib */; };
		3896DFF82C840BC900C3AF25 /* TextFieldLeftView.swift in Sources */ = {isa = PBXBuildFile; fileRef = 3896DFEF2C840BC900C3AF25 /* TextFieldLeftView.swift */; };
		3896DFF92C840BC900C3AF25 /* TextFieldLeftView.xib in Resources */ = {isa = PBXBuildFile; fileRef = 3896DFF02C840BC900C3AF25 /* TextFieldLeftView.xib */; };
		3896DFFA2C840BC900C3AF25 /* TextFieldRightView.swift in Sources */ = {isa = PBXBuildFile; fileRef = 3896DFF12C840BC900C3AF25 /* TextFieldRightView.swift */; };
		3896DFFB2C840BC900C3AF25 /* TextFieldRightView.xib in Resources */ = {isa = PBXBuildFile; fileRef = 3896DFF22C840BC900C3AF25 /* TextFieldRightView.xib */; };
		3896DFFF2C840BE800C3AF25 /* CategoriesCollectionViewCell.xib in Resources */ = {isa = PBXBuildFile; fileRef = 3896DFFC2C840BE800C3AF25 /* CategoriesCollectionViewCell.xib */; };
		3896E0002C840BE800C3AF25 /* CategoriesCollectionViewCell.swift in Sources */ = {isa = PBXBuildFile; fileRef = 3896DFFD2C840BE800C3AF25 /* CategoriesCollectionViewCell.swift */; };
		3896E0042C840C0700C3AF25 /* RecipeCollectionViewCell.swift in Sources */ = {isa = PBXBuildFile; fileRef = 3896E0012C840C0700C3AF25 /* RecipeCollectionViewCell.swift */; };
		3896E0052C840C0700C3AF25 /* RecipeCollectionViewCell.xib in Resources */ = {isa = PBXBuildFile; fileRef = 3896E0022C840C0700C3AF25 /* RecipeCollectionViewCell.xib */; };
		3896E0082C851FA400C3AF25 /* RecipeModel.swift in Sources */ = {isa = PBXBuildFile; fileRef = 3896E0072C851FA400C3AF25 /* RecipeModel.swift */; };
		3896E00A2C85255100C3AF25 /* Alamofire in Frameworks */ = {isa = PBXBuildFile; productRef = 3896E0092C85255100C3AF25 /* Alamofire */; };
		3896E00C2C85A35D00C3AF25 /* RecipeData.swift in Sources */ = {isa = PBXBuildFile; fileRef = 3896E00B2C85A35D00C3AF25 /* RecipeData.swift */; };
		3896E0102C85C89600C3AF25 /* DetailRecipe.storyboard in Resources */ = {isa = PBXBuildFile; fileRef = 3896E00F2C85C89600C3AF25 /* DetailRecipe.storyboard */; };
		3896E0122C85C8E100C3AF25 /* DetailRecipeViewController.swift in Sources */ = {isa = PBXBuildFile; fileRef = 3896E0112C85C8E100C3AF25 /* DetailRecipeViewController.swift */; };
		3896E0142C85CEBD00C3AF25 /* Utilities.swift in Sources */ = {isa = PBXBuildFile; fileRef = 3896E0132C85CEBD00C3AF25 /* Utilities.swift */; };
		38A9E65E2CA06F9000A52491 /* SearchTableViewCell.swift in Sources */ = {isa = PBXBuildFile; fileRef = 38A9E65C2CA06F9000A52491 /* SearchTableViewCell.swift */; };
		38A9E65F2CA06F9000A52491 /* SearchTableViewCell.xib in Resources */ = {isa = PBXBuildFile; fileRef = 38A9E65D2CA06F9000A52491 /* SearchTableViewCell.xib */; };
		38D8A3922C90325200AFB151 /* DetailRecipe2TableViewCell.swift in Sources */ = {isa = PBXBuildFile; fileRef = 38D8A3902C90325200AFB151 /* DetailRecipe2TableViewCell.swift */; };
		38D8A3932C90325200AFB151 /* DetailRecipe2TableViewCell.xib in Resources */ = {isa = PBXBuildFile; fileRef = 38D8A3912C90325200AFB151 /* DetailRecipe2TableViewCell.xib */; };
		78A29B312CA07E52009DF7E9 /* FirebaseAnalytics in Frameworks */ = {isa = PBXBuildFile; productRef = 78A29B302CA07E52009DF7E9 /* FirebaseAnalytics */; };
		78A29B332CA07E52009DF7E9 /* FirebaseAnalyticsOnDeviceConversion in Frameworks */ = {isa = PBXBuildFile; productRef = 78A29B322CA07E52009DF7E9 /* FirebaseAnalyticsOnDeviceConversion */; };
		78A29B352CA07E52009DF7E9 /* FirebaseAnalyticsWithoutAdIdSupport in Frameworks */ = {isa = PBXBuildFile; productRef = 78A29B342CA07E52009DF7E9 /* FirebaseAnalyticsWithoutAdIdSupport */; };
		78A29B372CA07E52009DF7E9 /* FirebaseAppCheck in Frameworks */ = {isa = PBXBuildFile; productRef = 78A29B362CA07E52009DF7E9 /* FirebaseAppCheck */; };
		78A29B392CA07E52009DF7E9 /* FirebaseAppDistribution-Beta in Frameworks */ = {isa = PBXBuildFile; productRef = 78A29B382CA07E52009DF7E9 /* FirebaseAppDistribution-Beta */; };
		78A29B3B2CA07E52009DF7E9 /* FirebaseAuth in Frameworks */ = {isa = PBXBuildFile; productRef = 78A29B3A2CA07E52009DF7E9 /* FirebaseAuth */; };
		78A29B3D2CA07E52009DF7E9 /* FirebaseAuthCombine-Community in Frameworks */ = {isa = PBXBuildFile; productRef = 78A29B3C2CA07E52009DF7E9 /* FirebaseAuthCombine-Community */; };
		78A29B3F2CA07E52009DF7E9 /* FirebaseCrashlytics in Frameworks */ = {isa = PBXBuildFile; productRef = 78A29B3E2CA07E52009DF7E9 /* FirebaseCrashlytics */; };
		78A29B412CA07E52009DF7E9 /* FirebaseDatabase in Frameworks */ = {isa = PBXBuildFile; productRef = 78A29B402CA07E52009DF7E9 /* FirebaseDatabase */; };
		78A29B432CA07E52009DF7E9 /* FirebaseDynamicLinks in Frameworks */ = {isa = PBXBuildFile; productRef = 78A29B422CA07E52009DF7E9 /* FirebaseDynamicLinks */; };
		78A29B452CA07E52009DF7E9 /* FirebaseFirestore in Frameworks */ = {isa = PBXBuildFile; productRef = 78A29B442CA07E52009DF7E9 /* FirebaseFirestore */; };
		78A29B472CA07E52009DF7E9 /* FirebaseFirestoreCombine-Community in Frameworks */ = {isa = PBXBuildFile; productRef = 78A29B462CA07E52009DF7E9 /* FirebaseFirestoreCombine-Community */; };
		78A29B492CA07E52009DF7E9 /* FirebaseFunctions in Frameworks */ = {isa = PBXBuildFile; productRef = 78A29B482CA07E52009DF7E9 /* FirebaseFunctions */; };
		78A29B4B2CA07E52009DF7E9 /* FirebaseFunctionsCombine-Community in Frameworks */ = {isa = PBXBuildFile; productRef = 78A29B4A2CA07E52009DF7E9 /* FirebaseFunctionsCombine-Community */; };
		78A29B4D2CA07E52009DF7E9 /* FirebaseInAppMessaging-Beta in Frameworks */ = {isa = PBXBuildFile; productRef = 78A29B4C2CA07E52009DF7E9 /* FirebaseInAppMessaging-Beta */; };
		78A29B4F2CA07E52009DF7E9 /* FirebaseInstallations in Frameworks */ = {isa = PBXBuildFile; productRef = 78A29B4E2CA07E52009DF7E9 /* FirebaseInstallations */; };
		78A29B512CA07E52009DF7E9 /* FirebaseMLModelDownloader in Frameworks */ = {isa = PBXBuildFile; productRef = 78A29B502CA07E52009DF7E9 /* FirebaseMLModelDownloader */; };
		78A29B532CA07E52009DF7E9 /* FirebaseMessaging in Frameworks */ = {isa = PBXBuildFile; productRef = 78A29B522CA07E52009DF7E9 /* FirebaseMessaging */; };
		78A29B552CA07E52009DF7E9 /* FirebasePerformance in Frameworks */ = {isa = PBXBuildFile; productRef = 78A29B542CA07E52009DF7E9 /* FirebasePerformance */; };
		78A29B572CA07E52009DF7E9 /* FirebaseRemoteConfig in Frameworks */ = {isa = PBXBuildFile; productRef = 78A29B562CA07E52009DF7E9 /* FirebaseRemoteConfig */; };
		78A29B592CA07E52009DF7E9 /* FirebaseStorage in Frameworks */ = {isa = PBXBuildFile; productRef = 78A29B582CA07E52009DF7E9 /* FirebaseStorage */; };
		78A29B5B2CA07E52009DF7E9 /* FirebaseStorageCombine-Community in Frameworks */ = {isa = PBXBuildFile; productRef = 78A29B5A2CA07E52009DF7E9 /* FirebaseStorageCombine-Community */; };
		78A29B5D2CA07E52009DF7E9 /* FirebaseVertexAI-Preview in Frameworks */ = {isa = PBXBuildFile; productRef = 78A29B5C2CA07E52009DF7E9 /* FirebaseVertexAI-Preview */; };
		78C7426B2CA1BCD8001CFA8D /* GoogleService-Info.plist in Resources */ = {isa = PBXBuildFile; fileRef = 78C7426A2CA1BCD8001CFA8D /* GoogleService-Info.plist */; };
		FBA2CDE7E63D7BF663C2579B /* Pods_ChefHelperAppTests.framework in Frameworks */ = {isa = PBXBuildFile; fileRef = 3FF8F42572F2AAEC8AAE8AE6 /* Pods_ChefHelperAppTests.framework */; };
/* End PBXBuildFile section */

/* Begin PBXContainerItemProxy section */
		3896DF9C2C83EE6600C3AF25 /* PBXContainerItemProxy */ = {
			isa = PBXContainerItemProxy;
			containerPortal = 3896DF7A2C83EE6400C3AF25 /* Project object */;
			proxyType = 1;
			remoteGlobalIDString = 3896DF812C83EE6400C3AF25;
			remoteInfo = ChefHelperApp;
		};
		3896DFA62C83EE6600C3AF25 /* PBXContainerItemProxy */ = {
			isa = PBXContainerItemProxy;
			containerPortal = 3896DF7A2C83EE6400C3AF25 /* Project object */;
			proxyType = 1;
			remoteGlobalIDString = 3896DF812C83EE6400C3AF25;
			remoteInfo = ChefHelperApp;
		};
/* End PBXContainerItemProxy section */

/* Begin PBXFileReference section */
		38253A1C2C874414008FA9F8 /* DetailRecipe0TableViewCell.swift */ = {isa = PBXFileReference; lastKnownFileType = sourcecode.swift; path = DetailRecipe0TableViewCell.swift; sourceTree = "<group>"; };
		38253A1D2C874414008FA9F8 /* DetailRecipe0TableViewCell.xib */ = {isa = PBXFileReference; lastKnownFileType = file.xib; path = DetailRecipe0TableViewCell.xib; sourceTree = "<group>"; };
		38253A222C87542F008FA9F8 /* DetailRecipe1TableViewCell.swift */ = {isa = PBXFileReference; lastKnownFileType = sourcecode.swift; path = DetailRecipe1TableViewCell.swift; sourceTree = "<group>"; };
		38253A232C87542F008FA9F8 /* DetailRecipe1TableViewCell.xib */ = {isa = PBXFileReference; lastKnownFileType = file.xib; path = DetailRecipe1TableViewCell.xib; sourceTree = "<group>"; };
		38253A2C2C875A29008FA9F8 /* DifficultyLevelComponent.xib */ = {isa = PBXFileReference; lastKnownFileType = file.xib; path = DifficultyLevelComponent.xib; sourceTree = "<group>"; };
		38253A2E2C875A3F008FA9F8 /* DifficultyLevelComponent.swift */ = {isa = PBXFileReference; lastKnownFileType = sourcecode.swift; path = DifficultyLevelComponent.swift; sourceTree = "<group>"; };
		384C93C32C96E34600101FBF /* Login.storyboard */ = {isa = PBXFileReference; lastKnownFileType = file.storyboard; path = Login.storyboard; sourceTree = "<group>"; };
		384C93C52C96E35600101FBF /* LoginViewController.swift */ = {isa = PBXFileReference; lastKnownFileType = sourcecode.swift; path = LoginViewController.swift; sourceTree = "<group>"; };
		384C93C72C96E38600101FBF /* Registration.storyboard */ = {isa = PBXFileReference; lastKnownFileType = file.storyboard; path = Registration.storyboard; sourceTree = "<group>"; };
		384C93C92C96E39600101FBF /* RegistrationViewController.swift */ = {isa = PBXFileReference; lastKnownFileType = sourcecode.swift; path = RegistrationViewController.swift; sourceTree = "<group>"; };
		384ED3C52C933CBE0095D509 /* PersonCooking.json */ = {isa = PBXFileReference; fileEncoding = 4; lastKnownFileType = text.json; path = PersonCooking.json; sourceTree = "<group>"; };
		386084B42C9702E000E3FE3F /* ForgotPassword.storyboard */ = {isa = PBXFileReference; lastKnownFileType = file.storyboard; path = ForgotPassword.storyboard; sourceTree = "<group>"; };
		386084B62C97030900E3FE3F /* ForgotPasswordViewController.swift */ = {isa = PBXFileReference; lastKnownFileType = sourcecode.swift; path = ForgotPasswordViewController.swift; sourceTree = "<group>"; };
		3896DF822C83EE6400C3AF25 /* ChefHelperApp.app */ = {isa = PBXFileReference; explicitFileType = wrapper.application; includeInIndex = 0; path = ChefHelperApp.app; sourceTree = BUILT_PRODUCTS_DIR; };
		3896DF852C83EE6400C3AF25 /* AppDelegate.swift */ = {isa = PBXFileReference; lastKnownFileType = sourcecode.swift; path = AppDelegate.swift; sourceTree = "<group>"; };
		3896DF872C83EE6400C3AF25 /* SceneDelegate.swift */ = {isa = PBXFileReference; lastKnownFileType = sourcecode.swift; path = SceneDelegate.swift; sourceTree = "<group>"; };
		3896DF8C2C83EE6400C3AF25 /* Base */ = {isa = PBXFileReference; lastKnownFileType = file.storyboard; name = Base; path = Base.lproj/Main.storyboard; sourceTree = "<group>"; };
		3896DF8F2C83EE6400C3AF25 /* ChefHelperApp.xcdatamodel */ = {isa = PBXFileReference; lastKnownFileType = wrapper.xcdatamodel; path = ChefHelperApp.xcdatamodel; sourceTree = "<group>"; };
		3896DF912C83EE6600C3AF25 /* Assets.xcassets */ = {isa = PBXFileReference; lastKnownFileType = folder.assetcatalog; path = Assets.xcassets; sourceTree = "<group>"; };
		3896DF942C83EE6600C3AF25 /* Base */ = {isa = PBXFileReference; lastKnownFileType = file.storyboard; name = Base; path = Base.lproj/LaunchScreen.storyboard; sourceTree = "<group>"; };
		3896DF962C83EE6600C3AF25 /* Info.plist */ = {isa = PBXFileReference; lastKnownFileType = text.plist.xml; path = Info.plist; sourceTree = "<group>"; };
		3896DF9B2C83EE6600C3AF25 /* ChefHelperAppTests.xctest */ = {isa = PBXFileReference; explicitFileType = wrapper.cfbundle; includeInIndex = 0; path = ChefHelperAppTests.xctest; sourceTree = BUILT_PRODUCTS_DIR; };
		3896DF9F2C83EE6600C3AF25 /* ChefHelperAppTests.swift */ = {isa = PBXFileReference; lastKnownFileType = sourcecode.swift; path = ChefHelperAppTests.swift; sourceTree = "<group>"; };
		3896DFA52C83EE6600C3AF25 /* ChefHelperAppUITests.xctest */ = {isa = PBXFileReference; explicitFileType = wrapper.cfbundle; includeInIndex = 0; path = ChefHelperAppUITests.xctest; sourceTree = BUILT_PRODUCTS_DIR; };
		3896DFA92C83EE6600C3AF25 /* ChefHelperAppUITests.swift */ = {isa = PBXFileReference; lastKnownFileType = sourcecode.swift; path = ChefHelperAppUITests.swift; sourceTree = "<group>"; };
		3896DFAB2C83EE6600C3AF25 /* ChefHelperAppUITestsLaunchTests.swift */ = {isa = PBXFileReference; lastKnownFileType = sourcecode.swift; path = ChefHelperAppUITestsLaunchTests.swift; sourceTree = "<group>"; };
		3896DFBE2C83F12300C3AF25 /* Home.storyboard */ = {isa = PBXFileReference; lastKnownFileType = file.storyboard; path = Home.storyboard; sourceTree = "<group>"; };
		3896DFC02C83F12F00C3AF25 /* Search.storyboard */ = {isa = PBXFileReference; lastKnownFileType = file.storyboard; path = Search.storyboard; sourceTree = "<group>"; };
		3896DFC32C83F14200C3AF25 /* Saved.storyboard */ = {isa = PBXFileReference; lastKnownFileType = file.storyboard; path = Saved.storyboard; sourceTree = "<group>"; };
		3896DFC52C83F14A00C3AF25 /* Profile.storyboard */ = {isa = PBXFileReference; lastKnownFileType = file.storyboard; path = Profile.storyboard; sourceTree = "<group>"; };
		3896DFC72C83F18700C3AF25 /* MainTabBarController.swift */ = {isa = PBXFileReference; lastKnownFileType = sourcecode.swift; path = MainTabBarController.swift; sourceTree = "<group>"; };
		3896DFCA2C83F1E500C3AF25 /* HomeViewController.swift */ = {isa = PBXFileReference; lastKnownFileType = sourcecode.swift; path = HomeViewController.swift; sourceTree = "<group>"; };
		3896DFCC2C83F20000C3AF25 /* SearchViewController.swift */ = {isa = PBXFileReference; lastKnownFileType = sourcecode.swift; path = SearchViewController.swift; sourceTree = "<group>"; };
		3896DFCE2C83F22000C3AF25 /* SavedViewController.swift */ = {isa = PBXFileReference; lastKnownFileType = sourcecode.swift; path = SavedViewController.swift; sourceTree = "<group>"; };
		3896DFD02C83F23700C3AF25 /* ProfileViewController.swift */ = {isa = PBXFileReference; lastKnownFileType = sourcecode.swift; path = ProfileViewController.swift; sourceTree = "<group>"; };
		3896DFD32C83F5D700C3AF25 /* APIManager.swift */ = {isa = PBXFileReference; lastKnownFileType = sourcecode.swift; path = APIManager.swift; sourceTree = "<group>"; };
		3896DFD82C83F62D00C3AF25 /* NetworkLogger.swift */ = {isa = PBXFileReference; lastKnownFileType = sourcecode.swift; path = NetworkLogger.swift; sourceTree = "<group>"; };
		3896DFDA2C83F64A00C3AF25 /* Reachability.swift */ = {isa = PBXFileReference; lastKnownFileType = sourcecode.swift; path = Reachability.swift; sourceTree = "<group>"; };
		3896DFDC2C83F66400C3AF25 /* Router.swift */ = {isa = PBXFileReference; lastKnownFileType = sourcecode.swift; path = Router.swift; sourceTree = "<group>"; };
		3896DFDF2C83F75500C3AF25 /* KeychainWrapper.swift */ = {isa = PBXFileReference; lastKnownFileType = sourcecode.swift; path = KeychainWrapper.swift; sourceTree = "<group>"; };
		3896DFE12C83F78300C3AF25 /* KeychainWrapperError.swift */ = {isa = PBXFileReference; lastKnownFileType = sourcecode.swift; path = KeychainWrapperError.swift; sourceTree = "<group>"; };
		3896DFE42C83F8E800C3AF25 /* Authorisation.storyboard */ = {isa = PBXFileReference; lastKnownFileType = file.storyboard; path = Authorisation.storyboard; sourceTree = "<group>"; };
		3896DFE62C83F8FE00C3AF25 /* AuthorisationViewController.swift */ = {isa = PBXFileReference; lastKnownFileType = sourcecode.swift; path = AuthorisationViewController.swift; sourceTree = "<group>"; };
		3896DFEB2C840BC900C3AF25 /* FloatingLabelTextField.swift */ = {isa = PBXFileReference; fileEncoding = 4; lastKnownFileType = sourcecode.swift; path = FloatingLabelTextField.swift; sourceTree = "<group>"; };
		3896DFEC2C840BC900C3AF25 /* FloatingLabelTextField.xib */ = {isa = PBXFileReference; fileEncoding = 4; lastKnownFileType = file.xib; path = FloatingLabelTextField.xib; sourceTree = "<group>"; };
		3896DFED2C840BC900C3AF25 /* FloatingLabelTextFieldContainerView.swift */ = {isa = PBXFileReference; fileEncoding = 4; lastKnownFileType = sourcecode.swift; path = FloatingLabelTextFieldContainerView.swift; sourceTree = "<group>"; };
		3896DFEE2C840BC900C3AF25 /* FloatingLabelTextFieldContainerView.xib */ = {isa = PBXFileReference; fileEncoding = 4; lastKnownFileType = file.xib; path = FloatingLabelTextFieldContainerView.xib; sourceTree = "<group>"; };
		3896DFEF2C840BC900C3AF25 /* TextFieldLeftView.swift */ = {isa = PBXFileReference; fileEncoding = 4; lastKnownFileType = sourcecode.swift; path = TextFieldLeftView.swift; sourceTree = "<group>"; };
		3896DFF02C840BC900C3AF25 /* TextFieldLeftView.xib */ = {isa = PBXFileReference; fileEncoding = 4; lastKnownFileType = file.xib; path = TextFieldLeftView.xib; sourceTree = "<group>"; };
		3896DFF12C840BC900C3AF25 /* TextFieldRightView.swift */ = {isa = PBXFileReference; fileEncoding = 4; lastKnownFileType = sourcecode.swift; path = TextFieldRightView.swift; sourceTree = "<group>"; };
		3896DFF22C840BC900C3AF25 /* TextFieldRightView.xib */ = {isa = PBXFileReference; fileEncoding = 4; lastKnownFileType = file.xib; path = TextFieldRightView.xib; sourceTree = "<group>"; };
		3896DFFC2C840BE800C3AF25 /* CategoriesCollectionViewCell.xib */ = {isa = PBXFileReference; fileEncoding = 4; lastKnownFileType = file.xib; path = CategoriesCollectionViewCell.xib; sourceTree = "<group>"; };
		3896DFFD2C840BE800C3AF25 /* CategoriesCollectionViewCell.swift */ = {isa = PBXFileReference; fileEncoding = 4; lastKnownFileType = sourcecode.swift; path = CategoriesCollectionViewCell.swift; sourceTree = "<group>"; };
		3896E0012C840C0700C3AF25 /* RecipeCollectionViewCell.swift */ = {isa = PBXFileReference; fileEncoding = 4; lastKnownFileType = sourcecode.swift; path = RecipeCollectionViewCell.swift; sourceTree = "<group>"; };
		3896E0022C840C0700C3AF25 /* RecipeCollectionViewCell.xib */ = {isa = PBXFileReference; fileEncoding = 4; lastKnownFileType = file.xib; path = RecipeCollectionViewCell.xib; sourceTree = "<group>"; };
		3896E0072C851FA400C3AF25 /* RecipeModel.swift */ = {isa = PBXFileReference; lastKnownFileType = sourcecode.swift; path = RecipeModel.swift; sourceTree = "<group>"; };
		3896E00B2C85A35D00C3AF25 /* RecipeData.swift */ = {isa = PBXFileReference; lastKnownFileType = sourcecode.swift; path = RecipeData.swift; sourceTree = "<group>"; };
		3896E00F2C85C89600C3AF25 /* DetailRecipe.storyboard */ = {isa = PBXFileReference; lastKnownFileType = file.storyboard; path = DetailRecipe.storyboard; sourceTree = "<group>"; };
		3896E0112C85C8E100C3AF25 /* DetailRecipeViewController.swift */ = {isa = PBXFileReference; lastKnownFileType = sourcecode.swift; path = DetailRecipeViewController.swift; sourceTree = "<group>"; };
		3896E0132C85CEBD00C3AF25 /* Utilities.swift */ = {isa = PBXFileReference; fileEncoding = 4; lastKnownFileType = sourcecode.swift; path = Utilities.swift; sourceTree = "<group>"; };
		38A9E65C2CA06F9000A52491 /* SearchTableViewCell.swift */ = {isa = PBXFileReference; lastKnownFileType = sourcecode.swift; path = SearchTableViewCell.swift; sourceTree = "<group>"; };
		38A9E65D2CA06F9000A52491 /* SearchTableViewCell.xib */ = {isa = PBXFileReference; lastKnownFileType = file.xib; path = SearchTableViewCell.xib; sourceTree = "<group>"; };
		38D8A3902C90325200AFB151 /* DetailRecipe2TableViewCell.swift */ = {isa = PBXFileReference; lastKnownFileType = sourcecode.swift; path = DetailRecipe2TableViewCell.swift; sourceTree = "<group>"; };
		38D8A3912C90325200AFB151 /* DetailRecipe2TableViewCell.xib */ = {isa = PBXFileReference; lastKnownFileType = file.xib; path = DetailRecipe2TableViewCell.xib; sourceTree = "<group>"; };
		3FF8F42572F2AAEC8AAE8AE6 /* Pods_ChefHelperAppTests.framework */ = {isa = PBXFileReference; explicitFileType = wrapper.framework; includeInIndex = 0; path = Pods_ChefHelperAppTests.framework; sourceTree = BUILT_PRODUCTS_DIR; };
		7637235EF7A8DC3870373D5D /* Pods-ChefHelperApp.debug.xcconfig */ = {isa = PBXFileReference; includeInIndex = 1; lastKnownFileType = text.xcconfig; name = "Pods-ChefHelperApp.debug.xcconfig"; path = "Target Support Files/Pods-ChefHelperApp/Pods-ChefHelperApp.debug.xcconfig"; sourceTree = "<group>"; };
		78C7426A2CA1BCD8001CFA8D /* GoogleService-Info.plist */ = {isa = PBXFileReference; lastKnownFileType = text.plist.xml; path = "GoogleService-Info.plist"; sourceTree = "<group>"; };
		84EF97684A28F8C8CE7B2871 /* Pods-ChefHelperApp-ChefHelperAppUITests.release.xcconfig */ = {isa = PBXFileReference; includeInIndex = 1; lastKnownFileType = text.xcconfig; name = "Pods-ChefHelperApp-ChefHelperAppUITests.release.xcconfig"; path = "Target Support Files/Pods-ChefHelperApp-ChefHelperAppUITests/Pods-ChefHelperApp-ChefHelperAppUITests.release.xcconfig"; sourceTree = "<group>"; };
		C587A57098C27B939191B66E /* Pods-ChefHelperAppTests.release.xcconfig */ = {isa = PBXFileReference; includeInIndex = 1; lastKnownFileType = text.xcconfig; name = "Pods-ChefHelperAppTests.release.xcconfig"; path = "Target Support Files/Pods-ChefHelperAppTests/Pods-ChefHelperAppTests.release.xcconfig"; sourceTree = "<group>"; };
		D53A15250435CD06C2C793B9 /* Pods-ChefHelperAppTests.debug.xcconfig */ = {isa = PBXFileReference; includeInIndex = 1; lastKnownFileType = text.xcconfig; name = "Pods-ChefHelperAppTests.debug.xcconfig"; path = "Target Support Files/Pods-ChefHelperAppTests/Pods-ChefHelperAppTests.debug.xcconfig"; sourceTree = "<group>"; };
		DDC9B9C984FA0AF1A0FCB53C /* Pods_ChefHelperApp_ChefHelperAppUITests.framework */ = {isa = PBXFileReference; explicitFileType = wrapper.framework; includeInIndex = 0; path = Pods_ChefHelperApp_ChefHelperAppUITests.framework; sourceTree = BUILT_PRODUCTS_DIR; };
		DF906A0F52748601E0DA20F5 /* Pods-ChefHelperApp.release.xcconfig */ = {isa = PBXFileReference; includeInIndex = 1; lastKnownFileType = text.xcconfig; name = "Pods-ChefHelperApp.release.xcconfig"; path = "Target Support Files/Pods-ChefHelperApp/Pods-ChefHelperApp.release.xcconfig"; sourceTree = "<group>"; };
		EFE29F29234FE2D61485A1A0 /* Pods_ChefHelperApp.framework */ = {isa = PBXFileReference; explicitFileType = wrapper.framework; includeInIndex = 0; path = Pods_ChefHelperApp.framework; sourceTree = BUILT_PRODUCTS_DIR; };
		FFB74AADA7C376C427A5F70E /* Pods-ChefHelperApp-ChefHelperAppUITests.debug.xcconfig */ = {isa = PBXFileReference; includeInIndex = 1; lastKnownFileType = text.xcconfig; name = "Pods-ChefHelperApp-ChefHelperAppUITests.debug.xcconfig"; path = "Target Support Files/Pods-ChefHelperApp-ChefHelperAppUITests/Pods-ChefHelperApp-ChefHelperAppUITests.debug.xcconfig"; sourceTree = "<group>"; };
/* End PBXFileReference section */

/* Begin PBXFrameworksBuildPhase section */
		3896DF7F2C83EE6400C3AF25 /* Frameworks */ = {
			isa = PBXFrameworksBuildPhase;
			buildActionMask = 2147483647;
			files = (
				78A29B392CA07E52009DF7E9 /* FirebaseAppDistribution-Beta in Frameworks */,
				78A29B452CA07E52009DF7E9 /* FirebaseFirestore in Frameworks */,
				78A29B3D2CA07E52009DF7E9 /* FirebaseAuthCombine-Community in Frameworks */,
				78A29B4F2CA07E52009DF7E9 /* FirebaseInstallations in Frameworks */,
				3896E00A2C85255100C3AF25 /* Alamofire in Frameworks */,
				78A29B5D2CA07E52009DF7E9 /* FirebaseVertexAI-Preview in Frameworks */,
				78A29B352CA07E52009DF7E9 /* FirebaseAnalyticsWithoutAdIdSupport in Frameworks */,
				78A29B4D2CA07E52009DF7E9 /* FirebaseInAppMessaging-Beta in Frameworks */,
				10A39382947CDAB693FF92B9 /* Pods_ChefHelperApp.framework in Frameworks */,
				78A29B312CA07E52009DF7E9 /* FirebaseAnalytics in Frameworks */,
				78A29B4B2CA07E52009DF7E9 /* FirebaseFunctionsCombine-Community in Frameworks */,
				78A29B5B2CA07E52009DF7E9 /* FirebaseStorageCombine-Community in Frameworks */,
				78A29B372CA07E52009DF7E9 /* FirebaseAppCheck in Frameworks */,
				78A29B592CA07E52009DF7E9 /* FirebaseStorage in Frameworks */,
				78A29B572CA07E52009DF7E9 /* FirebaseRemoteConfig in Frameworks */,
				78A29B3F2CA07E52009DF7E9 /* FirebaseCrashlytics in Frameworks */,
				78A29B532CA07E52009DF7E9 /* FirebaseMessaging in Frameworks */,
				78A29B512CA07E52009DF7E9 /* FirebaseMLModelDownloader in Frameworks */,
				78A29B552CA07E52009DF7E9 /* FirebasePerformance in Frameworks */,
				78A29B412CA07E52009DF7E9 /* FirebaseDatabase in Frameworks */,
				78A29B332CA07E52009DF7E9 /* FirebaseAnalyticsOnDeviceConversion in Frameworks */,
				78A29B3B2CA07E52009DF7E9 /* FirebaseAuth in Frameworks */,
				78A29B492CA07E52009DF7E9 /* FirebaseFunctions in Frameworks */,
				78A29B432CA07E52009DF7E9 /* FirebaseDynamicLinks in Frameworks */,
				78A29B472CA07E52009DF7E9 /* FirebaseFirestoreCombine-Community in Frameworks */,
			);
			runOnlyForDeploymentPostprocessing = 0;
		};
		3896DF982C83EE6600C3AF25 /* Frameworks */ = {
			isa = PBXFrameworksBuildPhase;
			buildActionMask = 2147483647;
			files = (
				FBA2CDE7E63D7BF663C2579B /* Pods_ChefHelperAppTests.framework in Frameworks */,
			);
			runOnlyForDeploymentPostprocessing = 0;
		};
		3896DFA22C83EE6600C3AF25 /* Frameworks */ = {
			isa = PBXFrameworksBuildPhase;
			buildActionMask = 2147483647;
			files = (
				21897970B1E3537C24416178 /* Pods_ChefHelperApp_ChefHelperAppUITests.framework in Frameworks */,
			);
			runOnlyForDeploymentPostprocessing = 0;
		};
/* End PBXFrameworksBuildPhase section */

/* Begin PBXGroup section */
		38253A1B2C8743E3008FA9F8 /* Detail0RecipeCell */ = {
			isa = PBXGroup;
			children = (
				38253A1C2C874414008FA9F8 /* DetailRecipe0TableViewCell.swift */,
				38253A1D2C874414008FA9F8 /* DetailRecipe0TableViewCell.xib */,
			);
			name = Detail0RecipeCell;
			sourceTree = "<group>";
		};
		38253A212C875405008FA9F8 /* Detail1RecipeCell */ = {
			isa = PBXGroup;
			children = (
				38253A222C87542F008FA9F8 /* DetailRecipe1TableViewCell.swift */,
				38253A232C87542F008FA9F8 /* DetailRecipe1TableViewCell.xib */,
			);
			name = Detail1RecipeCell;
			sourceTree = "<group>";
		};
		38253A262C875481008FA9F8 /* DetailCells */ = {
			isa = PBXGroup;
			children = (
				38253A1B2C8743E3008FA9F8 /* Detail0RecipeCell */,
				38253A212C875405008FA9F8 /* Detail1RecipeCell */,
				38D8A38F2C90321300AFB151 /* Detail2RecipeCell */,
			);
			name = DetailCells;
			sourceTree = "<group>";
		};
		38253A272C8756C8008FA9F8 /* DifficultyLevelComponent */ = {
			isa = PBXGroup;
			children = (
				38253A2C2C875A29008FA9F8 /* DifficultyLevelComponent.xib */,
				38253A2E2C875A3F008FA9F8 /* DifficultyLevelComponent.swift */,
			);
			path = DifficultyLevelComponent;
			sourceTree = "<group>";
		};
		384C93C12C96E32200101FBF /* Login */ = {
			isa = PBXGroup;
			children = (
				384C93C32C96E34600101FBF /* Login.storyboard */,
				384C93C52C96E35600101FBF /* LoginViewController.swift */,
				386084B32C9702CD00E3FE3F /* ForgotPassword */,
			);
			name = Login;
			sourceTree = "<group>";
		};
		384C93C22C96E32900101FBF /* Registration */ = {
			isa = PBXGroup;
			children = (
				384C93C72C96E38600101FBF /* Registration.storyboard */,
				384C93C92C96E39600101FBF /* RegistrationViewController.swift */,
			);
			name = Registration;
			sourceTree = "<group>";
		};
		384ED3C42C933C9E0095D509 /* Animations */ = {
			isa = PBXGroup;
			children = (
				384ED3C52C933CBE0095D509 /* PersonCooking.json */,
			);
			name = Animations;
			sourceTree = "<group>";
		};
		386084B32C9702CD00E3FE3F /* ForgotPassword */ = {
			isa = PBXGroup;
			children = (
				386084B42C9702E000E3FE3F /* ForgotPassword.storyboard */,
				386084B62C97030900E3FE3F /* ForgotPasswordViewController.swift */,
			);
			name = ForgotPassword;
			sourceTree = "<group>";
		};
		3896DF792C83EE6400C3AF25 = {
			isa = PBXGroup;
			children = (
				3896DF842C83EE6400C3AF25 /* ChefHelperApp */,
				3896DF9E2C83EE6600C3AF25 /* ChefHelperAppTests */,
				3896DFA82C83EE6600C3AF25 /* ChefHelperAppUITests */,
				3896DF832C83EE6400C3AF25 /* Products */,
				EE7F8A0BEC1FE04FA5ED02B0 /* Pods */,
				9B835B6C426E23199ADF47E2 /* Frameworks */,
			);
			sourceTree = "<group>";
		};
		3896DF832C83EE6400C3AF25 /* Products */ = {
			isa = PBXGroup;
			children = (
				3896DF822C83EE6400C3AF25 /* ChefHelperApp.app */,
				3896DF9B2C83EE6600C3AF25 /* ChefHelperAppTests.xctest */,
				3896DFA52C83EE6600C3AF25 /* ChefHelperAppUITests.xctest */,
			);
			name = Products;
			sourceTree = "<group>";
		};
		3896DF842C83EE6400C3AF25 /* ChefHelperApp */ = {
			isa = PBXGroup;
			children = (
				384ED3C42C933C9E0095D509 /* Animations */,
				3896DFC92C83F18B00C3AF25 /* CustomComponents */,
				3896DFB82C83EFC000C3AF25 /* MainTabBar */,
				3896E0152C85CEC800C3AF25 /* SupportingFiles */,
				3896E0062C851F8900C3AF25 /* Models */,
				3896DFD22C83F5AA00C3AF25 /* NetworkServices */,
				3896DF852C83EE6400C3AF25 /* AppDelegate.swift */,
				3896DF872C83EE6400C3AF25 /* SceneDelegate.swift */,
				3896DF912C83EE6600C3AF25 /* Assets.xcassets */,
				3896DF932C83EE6600C3AF25 /* LaunchScreen.storyboard */,
				3896DF962C83EE6600C3AF25 /* Info.plist */,
				3896DF8E2C83EE6400C3AF25 /* ChefHelperApp.xcdatamodeld */,
				78C7426A2CA1BCD8001CFA8D /* GoogleService-Info.plist */,
			);
			path = ChefHelperApp;
			sourceTree = "<group>";
		};
		3896DF9E2C83EE6600C3AF25 /* ChefHelperAppTests */ = {
			isa = PBXGroup;
			children = (
				3896DF9F2C83EE6600C3AF25 /* ChefHelperAppTests.swift */,
			);
			path = ChefHelperAppTests;
			sourceTree = "<group>";
		};
		3896DFA82C83EE6600C3AF25 /* ChefHelperAppUITests */ = {
			isa = PBXGroup;
			children = (
				3896DFA92C83EE6600C3AF25 /* ChefHelperAppUITests.swift */,
				3896DFAB2C83EE6600C3AF25 /* ChefHelperAppUITestsLaunchTests.swift */,
			);
			path = ChefHelperAppUITests;
			sourceTree = "<group>";
		};
		3896DFB82C83EFC000C3AF25 /* MainTabBar */ = {
			isa = PBXGroup;
			children = (
				3896DF8B2C83EE6400C3AF25 /* Main.storyboard */,
				3896DFC72C83F18700C3AF25 /* MainTabBarController.swift */,
				3896DFE32C83F8C800C3AF25 /* Authorisation */,
				3896DFBD2C83F10100C3AF25 /* Profile */,
				3896DFBC2C83F0EE00C3AF25 /* Saved */,
				3896DFBB2C83F0E600C3AF25 /* Search */,
				3896DFBA2C83F0DF00C3AF25 /* Home */,
			);
			name = MainTabBar;
			sourceTree = "<group>";
		};
		3896DFBA2C83F0DF00C3AF25 /* Home */ = {
			isa = PBXGroup;
			children = (
				3896DFBE2C83F12300C3AF25 /* Home.storyboard */,
				3896DFCA2C83F1E500C3AF25 /* HomeViewController.swift */,
				3896E00D2C85C86400C3AF25 /* DetailRecipe */,
			);
			name = Home;
			sourceTree = "<group>";
		};
		3896DFBB2C83F0E600C3AF25 /* Search */ = {
			isa = PBXGroup;
			children = (
				3896DFC02C83F12F00C3AF25 /* Search.storyboard */,
				3896DFCC2C83F20000C3AF25 /* SearchViewController.swift */,
			);
			name = Search;
			sourceTree = "<group>";
		};
		3896DFBC2C83F0EE00C3AF25 /* Saved */ = {
			isa = PBXGroup;
			children = (
				3896DFC32C83F14200C3AF25 /* Saved.storyboard */,
				3896DFCE2C83F22000C3AF25 /* SavedViewController.swift */,
			);
			name = Saved;
			sourceTree = "<group>";
		};
		3896DFBD2C83F10100C3AF25 /* Profile */ = {
			isa = PBXGroup;
			children = (
				3896DFC52C83F14A00C3AF25 /* Profile.storyboard */,
				3896DFD02C83F23700C3AF25 /* ProfileViewController.swift */,
			);
			name = Profile;
			sourceTree = "<group>";
		};
		3896DFC92C83F18B00C3AF25 /* CustomComponents */ = {
			isa = PBXGroup;
			children = (
				38A9E65B2CA06F6F00A52491 /* SearchTableViewCell */,
				38253A272C8756C8008FA9F8 /* DifficultyLevelComponent */,
				38253A262C875481008FA9F8 /* DetailCells */,
				3896DFF32C840BC900C3AF25 /* FloatingLabelTextField */,
				3896DFFE2C840BE800C3AF25 /* CategoriesCollectionCell */,
				3896E0032C840C0700C3AF25 /* RecipeCollectionCell */,
			);
			name = CustomComponents;
			sourceTree = "<group>";
		};
		3896DFD22C83F5AA00C3AF25 /* NetworkServices */ = {
			isa = PBXGroup;
			children = (
				3896DFD32C83F5D700C3AF25 /* APIManager.swift */,
				3896DFD82C83F62D00C3AF25 /* NetworkLogger.swift */,
				3896DFDA2C83F64A00C3AF25 /* Reachability.swift */,
				3896DFDC2C83F66400C3AF25 /* Router.swift */,
			);
			name = NetworkServices;
			sourceTree = "<group>";
		};
		3896DFDE2C83F73A00C3AF25 /* Keychain */ = {
			isa = PBXGroup;
			children = (
				3896DFDF2C83F75500C3AF25 /* KeychainWrapper.swift */,
				3896DFE12C83F78300C3AF25 /* KeychainWrapperError.swift */,
			);
			name = Keychain;
			sourceTree = "<group>";
		};
		3896DFE32C83F8C800C3AF25 /* Authorisation */ = {
			isa = PBXGroup;
			children = (
				3896DFE42C83F8E800C3AF25 /* Authorisation.storyboard */,
				3896DFE62C83F8FE00C3AF25 /* AuthorisationViewController.swift */,
				384C93C22C96E32900101FBF /* Registration */,
				384C93C12C96E32200101FBF /* Login */,
			);
			name = Authorisation;
			sourceTree = "<group>";
		};
		3896DFF32C840BC900C3AF25 /* FloatingLabelTextField */ = {
			isa = PBXGroup;
			children = (
				3896DFEB2C840BC900C3AF25 /* FloatingLabelTextField.swift */,
				3896DFEC2C840BC900C3AF25 /* FloatingLabelTextField.xib */,
				3896DFED2C840BC900C3AF25 /* FloatingLabelTextFieldContainerView.swift */,
				3896DFEE2C840BC900C3AF25 /* FloatingLabelTextFieldContainerView.xib */,
				3896DFEF2C840BC900C3AF25 /* TextFieldLeftView.swift */,
				3896DFF02C840BC900C3AF25 /* TextFieldLeftView.xib */,
				3896DFF12C840BC900C3AF25 /* TextFieldRightView.swift */,
				3896DFF22C840BC900C3AF25 /* TextFieldRightView.xib */,
			);
			path = FloatingLabelTextField;
			sourceTree = "<group>";
		};
		3896DFFE2C840BE800C3AF25 /* CategoriesCollectionCell */ = {
			isa = PBXGroup;
			children = (
				3896DFFC2C840BE800C3AF25 /* CategoriesCollectionViewCell.xib */,
				3896DFFD2C840BE800C3AF25 /* CategoriesCollectionViewCell.swift */,
			);
			path = CategoriesCollectionCell;
			sourceTree = "<group>";
		};
		3896E0032C840C0700C3AF25 /* RecipeCollectionCell */ = {
			isa = PBXGroup;
			children = (
				3896E0022C840C0700C3AF25 /* RecipeCollectionViewCell.xib */,
				3896E0012C840C0700C3AF25 /* RecipeCollectionViewCell.swift */,
			);
			path = RecipeCollectionCell;
			sourceTree = "<group>";
		};
		3896E0062C851F8900C3AF25 /* Models */ = {
			isa = PBXGroup;
			children = (
				3896E0072C851FA400C3AF25 /* RecipeModel.swift */,
				3896E00B2C85A35D00C3AF25 /* RecipeData.swift */,
			);
			name = Models;
			sourceTree = "<group>";
		};
		3896E00D2C85C86400C3AF25 /* DetailRecipe */ = {
			isa = PBXGroup;
			children = (
				3896E00F2C85C89600C3AF25 /* DetailRecipe.storyboard */,
				3896E0112C85C8E100C3AF25 /* DetailRecipeViewController.swift */,
			);
			name = DetailRecipe;
			sourceTree = "<group>";
		};
		3896E0152C85CEC800C3AF25 /* SupportingFiles */ = {
			isa = PBXGroup;
			children = (
				3896DFDE2C83F73A00C3AF25 /* Keychain */,
				3896E0132C85CEBD00C3AF25 /* Utilities.swift */,
			);
			name = SupportingFiles;
			sourceTree = "<group>";
		};
		38A9E65B2CA06F6F00A52491 /* SearchTableViewCell */ = {
			isa = PBXGroup;
			children = (
				38A9E65C2CA06F9000A52491 /* SearchTableViewCell.swift */,
				38A9E65D2CA06F9000A52491 /* SearchTableViewCell.xib */,
			);
			path = SearchTableViewCell;
			sourceTree = "<group>";
		};
		38D8A38F2C90321300AFB151 /* Detail2RecipeCell */ = {
			isa = PBXGroup;
			children = (
				38D8A3902C90325200AFB151 /* DetailRecipe2TableViewCell.swift */,
				38D8A3912C90325200AFB151 /* DetailRecipe2TableViewCell.xib */,
			);
			name = Detail2RecipeCell;
			sourceTree = "<group>";
		};
		9B835B6C426E23199ADF47E2 /* Frameworks */ = {
			isa = PBXGroup;
			children = (
				EFE29F29234FE2D61485A1A0 /* Pods_ChefHelperApp.framework */,
				DDC9B9C984FA0AF1A0FCB53C /* Pods_ChefHelperApp_ChefHelperAppUITests.framework */,
				3FF8F42572F2AAEC8AAE8AE6 /* Pods_ChefHelperAppTests.framework */,
			);
			name = Frameworks;
			sourceTree = "<group>";
		};
		EE7F8A0BEC1FE04FA5ED02B0 /* Pods */ = {
			isa = PBXGroup;
			children = (
				7637235EF7A8DC3870373D5D /* Pods-ChefHelperApp.debug.xcconfig */,
				DF906A0F52748601E0DA20F5 /* Pods-ChefHelperApp.release.xcconfig */,
				FFB74AADA7C376C427A5F70E /* Pods-ChefHelperApp-ChefHelperAppUITests.debug.xcconfig */,
				84EF97684A28F8C8CE7B2871 /* Pods-ChefHelperApp-ChefHelperAppUITests.release.xcconfig */,
				D53A15250435CD06C2C793B9 /* Pods-ChefHelperAppTests.debug.xcconfig */,
				C587A57098C27B939191B66E /* Pods-ChefHelperAppTests.release.xcconfig */,
			);
			path = Pods;
			sourceTree = "<group>";
		};
/* End PBXGroup section */

/* Begin PBXNativeTarget section */
		3896DF812C83EE6400C3AF25 /* ChefHelperApp */ = {
			isa = PBXNativeTarget;
			buildConfigurationList = 3896DFAF2C83EE6700C3AF25 /* Build configuration list for PBXNativeTarget "ChefHelperApp" */;
			buildPhases = (
				E6530F4DF074B32DB7378BA9 /* [CP] Check Pods Manifest.lock */,
				3896DF7E2C83EE6400C3AF25 /* Sources */,
				3896DF7F2C83EE6400C3AF25 /* Frameworks */,
				3896DF802C83EE6400C3AF25 /* Resources */,
				204ED9F336DDF28686081CD4 /* [CP] Embed Pods Frameworks */,
			);
			buildRules = (
			);
			dependencies = (
			);
			name = ChefHelperApp;
			packageProductDependencies = (
				3896E0092C85255100C3AF25 /* Alamofire */,
				78A29B302CA07E52009DF7E9 /* FirebaseAnalytics */,
				78A29B322CA07E52009DF7E9 /* FirebaseAnalyticsOnDeviceConversion */,
				78A29B342CA07E52009DF7E9 /* FirebaseAnalyticsWithoutAdIdSupport */,
				78A29B362CA07E52009DF7E9 /* FirebaseAppCheck */,
				78A29B382CA07E52009DF7E9 /* FirebaseAppDistribution-Beta */,
				78A29B3A2CA07E52009DF7E9 /* FirebaseAuth */,
				78A29B3C2CA07E52009DF7E9 /* FirebaseAuthCombine-Community */,
				78A29B3E2CA07E52009DF7E9 /* FirebaseCrashlytics */,
				78A29B402CA07E52009DF7E9 /* FirebaseDatabase */,
				78A29B422CA07E52009DF7E9 /* FirebaseDynamicLinks */,
				78A29B442CA07E52009DF7E9 /* FirebaseFirestore */,
				78A29B462CA07E52009DF7E9 /* FirebaseFirestoreCombine-Community */,
				78A29B482CA07E52009DF7E9 /* FirebaseFunctions */,
				78A29B4A2CA07E52009DF7E9 /* FirebaseFunctionsCombine-Community */,
				78A29B4C2CA07E52009DF7E9 /* FirebaseInAppMessaging-Beta */,
				78A29B4E2CA07E52009DF7E9 /* FirebaseInstallations */,
				78A29B502CA07E52009DF7E9 /* FirebaseMLModelDownloader */,
				78A29B522CA07E52009DF7E9 /* FirebaseMessaging */,
				78A29B542CA07E52009DF7E9 /* FirebasePerformance */,
				78A29B562CA07E52009DF7E9 /* FirebaseRemoteConfig */,
				78A29B582CA07E52009DF7E9 /* FirebaseStorage */,
				78A29B5A2CA07E52009DF7E9 /* FirebaseStorageCombine-Community */,
				78A29B5C2CA07E52009DF7E9 /* FirebaseVertexAI-Preview */,
			);
			productName = ChefHelperApp;
			productReference = 3896DF822C83EE6400C3AF25 /* ChefHelperApp.app */;
			productType = "com.apple.product-type.application";
		};
		3896DF9A2C83EE6600C3AF25 /* ChefHelperAppTests */ = {
			isa = PBXNativeTarget;
			buildConfigurationList = 3896DFB22C83EE6700C3AF25 /* Build configuration list for PBXNativeTarget "ChefHelperAppTests" */;
			buildPhases = (
				3A08C94D92348CCD474B281F /* [CP] Check Pods Manifest.lock */,
				3896DF972C83EE6600C3AF25 /* Sources */,
				3896DF982C83EE6600C3AF25 /* Frameworks */,
				3896DF992C83EE6600C3AF25 /* Resources */,
			);
			buildRules = (
			);
			dependencies = (
				3896DF9D2C83EE6600C3AF25 /* PBXTargetDependency */,
			);
			name = ChefHelperAppTests;
			productName = ChefHelperAppTests;
			productReference = 3896DF9B2C83EE6600C3AF25 /* ChefHelperAppTests.xctest */;
			productType = "com.apple.product-type.bundle.unit-test";
		};
		3896DFA42C83EE6600C3AF25 /* ChefHelperAppUITests */ = {
			isa = PBXNativeTarget;
			buildConfigurationList = 3896DFB52C83EE6700C3AF25 /* Build configuration list for PBXNativeTarget "ChefHelperAppUITests" */;
			buildPhases = (
				66E717FB0F5CF0BEA65F17F6 /* [CP] Check Pods Manifest.lock */,
				3896DFA12C83EE6600C3AF25 /* Sources */,
				3896DFA22C83EE6600C3AF25 /* Frameworks */,
				3896DFA32C83EE6600C3AF25 /* Resources */,
				5421BB89B6A1D43FE3941D11 /* [CP] Embed Pods Frameworks */,
			);
			buildRules = (
			);
			dependencies = (
				3896DFA72C83EE6600C3AF25 /* PBXTargetDependency */,
			);
			name = ChefHelperAppUITests;
			productName = ChefHelperAppUITests;
			productReference = 3896DFA52C83EE6600C3AF25 /* ChefHelperAppUITests.xctest */;
			productType = "com.apple.product-type.bundle.ui-testing";
		};
/* End PBXNativeTarget section */

/* Begin PBXProject section */
		3896DF7A2C83EE6400C3AF25 /* Project object */ = {
			isa = PBXProject;
			attributes = {
				BuildIndependentTargetsInParallel = 1;
				LastSwiftUpdateCheck = 1540;
				LastUpgradeCheck = 1540;
				TargetAttributes = {
					3896DF812C83EE6400C3AF25 = {
						CreatedOnToolsVersion = 15.4;
					};
					3896DF9A2C83EE6600C3AF25 = {
						CreatedOnToolsVersion = 15.4;
						TestTargetID = 3896DF812C83EE6400C3AF25;
					};
					3896DFA42C83EE6600C3AF25 = {
						CreatedOnToolsVersion = 15.4;
						TestTargetID = 3896DF812C83EE6400C3AF25;
					};
				};
			};
			buildConfigurationList = 3896DF7D2C83EE6400C3AF25 /* Build configuration list for PBXProject "ChefHelperApp" */;
			compatibilityVersion = "Xcode 14.0";
			developmentRegion = en;
			hasScannedForEncodings = 0;
			knownRegions = (
				en,
				Base,
			);
			mainGroup = 3896DF792C83EE6400C3AF25;
			packageReferences = (
				3896DFD52C83F60E00C3AF25 /* XCRemoteSwiftPackageReference "Alamofire" */,
				78A29B2F2CA07E52009DF7E9 /* XCRemoteSwiftPackageReference "firebase-ios-sdk" */,
			);
			productRefGroup = 3896DF832C83EE6400C3AF25 /* Products */;
			projectDirPath = "";
			projectRoot = "";
			targets = (
				3896DF812C83EE6400C3AF25 /* ChefHelperApp */,
				3896DF9A2C83EE6600C3AF25 /* ChefHelperAppTests */,
				3896DFA42C83EE6600C3AF25 /* ChefHelperAppUITests */,
			);
		};
/* End PBXProject section */

/* Begin PBXResourcesBuildPhase section */
		3896DF802C83EE6400C3AF25 /* Resources */ = {
			isa = PBXResourcesBuildPhase;
			buildActionMask = 2147483647;
			files = (
				3896DF922C83EE6600C3AF25 /* Assets.xcassets in Resources */,
				3896DFE52C83F8E800C3AF25 /* Authorisation.storyboard in Resources */,
				78C7426B2CA1BCD8001CFA8D /* GoogleService-Info.plist in Resources */,
				384C93C42C96E34600101FBF /* Login.storyboard in Resources */,
				386084B52C9702E000E3FE3F /* ForgotPassword.storyboard in Resources */,
				3896DFF52C840BC900C3AF25 /* FloatingLabelTextField.xib in Resources */,
				3896DFF72C840BC900C3AF25 /* FloatingLabelTextFieldContainerView.xib in Resources */,
				3896DF952C83EE6600C3AF25 /* Base in Resources */,
				38253A2D2C875A29008FA9F8 /* DifficultyLevelComponent.xib in Resources */,
				3896DFFB2C840BC900C3AF25 /* TextFieldRightView.xib in Resources */,
				38253A252C87542F008FA9F8 /* DetailRecipe1TableViewCell.xib in Resources */,
				3896DF8D2C83EE6400C3AF25 /* Base in Resources */,
				3896DFF92C840BC900C3AF25 /* TextFieldLeftView.xib in Resources */,
				3896DFBF2C83F12300C3AF25 /* Home.storyboard in Resources */,
				384ED3C62C933CBE0095D509 /* PersonCooking.json in Resources */,
				384C93C82C96E38600101FBF /* Registration.storyboard in Resources */,
				3896DFC42C83F14200C3AF25 /* Saved.storyboard in Resources */,
				3896DFC62C83F14A00C3AF25 /* Profile.storyboard in Resources */,
				38A9E65F2CA06F9000A52491 /* SearchTableViewCell.xib in Resources */,
				3896E0052C840C0700C3AF25 /* RecipeCollectionViewCell.xib in Resources */,
				3896DFFF2C840BE800C3AF25 /* CategoriesCollectionViewCell.xib in Resources */,
				38D8A3932C90325200AFB151 /* DetailRecipe2TableViewCell.xib in Resources */,
				3896DFC12C83F12F00C3AF25 /* Search.storyboard in Resources */,
				38253A1F2C874414008FA9F8 /* DetailRecipe0TableViewCell.xib in Resources */,
				3896E0102C85C89600C3AF25 /* DetailRecipe.storyboard in Resources */,
			);
			runOnlyForDeploymentPostprocessing = 0;
		};
		3896DF992C83EE6600C3AF25 /* Resources */ = {
			isa = PBXResourcesBuildPhase;
			buildActionMask = 2147483647;
			files = (
			);
			runOnlyForDeploymentPostprocessing = 0;
		};
		3896DFA32C83EE6600C3AF25 /* Resources */ = {
			isa = PBXResourcesBuildPhase;
			buildActionMask = 2147483647;
			files = (
			);
			runOnlyForDeploymentPostprocessing = 0;
		};
/* End PBXResourcesBuildPhase section */

/* Begin PBXShellScriptBuildPhase section */
		204ED9F336DDF28686081CD4 /* [CP] Embed Pods Frameworks */ = {
			isa = PBXShellScriptBuildPhase;
			buildActionMask = 2147483647;
			files = (
			);
			inputFileListPaths = (
				"${PODS_ROOT}/Target Support Files/Pods-ChefHelperApp/Pods-ChefHelperApp-frameworks-${CONFIGURATION}-input-files.xcfilelist",
			);
			name = "[CP] Embed Pods Frameworks";
			outputFileListPaths = (
				"${PODS_ROOT}/Target Support Files/Pods-ChefHelperApp/Pods-ChefHelperApp-frameworks-${CONFIGURATION}-output-files.xcfilelist",
			);
			runOnlyForDeploymentPostprocessing = 0;
			shellPath = /bin/sh;
			shellScript = "\"${PODS_ROOT}/Target Support Files/Pods-ChefHelperApp/Pods-ChefHelperApp-frameworks.sh\"\n";
			showEnvVarsInLog = 0;
		};
		3A08C94D92348CCD474B281F /* [CP] Check Pods Manifest.lock */ = {
			isa = PBXShellScriptBuildPhase;
			buildActionMask = 2147483647;
			files = (
			);
			inputFileListPaths = (
			);
			inputPaths = (
				"${PODS_PODFILE_DIR_PATH}/Podfile.lock",
				"${PODS_ROOT}/Manifest.lock",
			);
			name = "[CP] Check Pods Manifest.lock";
			outputFileListPaths = (
			);
			outputPaths = (
				"$(DERIVED_FILE_DIR)/Pods-ChefHelperAppTests-checkManifestLockResult.txt",
			);
			runOnlyForDeploymentPostprocessing = 0;
			shellPath = /bin/sh;
			shellScript = "diff \"${PODS_PODFILE_DIR_PATH}/Podfile.lock\" \"${PODS_ROOT}/Manifest.lock\" > /dev/null\nif [ $? != 0 ] ; then\n    # print error to STDERR\n    echo \"error: The sandbox is not in sync with the Podfile.lock. Run 'pod install' or update your CocoaPods installation.\" >&2\n    exit 1\nfi\n# This output is used by Xcode 'outputs' to avoid re-running this script phase.\necho \"SUCCESS\" > \"${SCRIPT_OUTPUT_FILE_0}\"\n";
			showEnvVarsInLog = 0;
		};
		5421BB89B6A1D43FE3941D11 /* [CP] Embed Pods Frameworks */ = {
			isa = PBXShellScriptBuildPhase;
			buildActionMask = 2147483647;
			files = (
			);
			inputFileListPaths = (
				"${PODS_ROOT}/Target Support Files/Pods-ChefHelperApp-ChefHelperAppUITests/Pods-ChefHelperApp-ChefHelperAppUITests-frameworks-${CONFIGURATION}-input-files.xcfilelist",
			);
			name = "[CP] Embed Pods Frameworks";
			outputFileListPaths = (
				"${PODS_ROOT}/Target Support Files/Pods-ChefHelperApp-ChefHelperAppUITests/Pods-ChefHelperApp-ChefHelperAppUITests-frameworks-${CONFIGURATION}-output-files.xcfilelist",
			);
			runOnlyForDeploymentPostprocessing = 0;
			shellPath = /bin/sh;
			shellScript = "\"${PODS_ROOT}/Target Support Files/Pods-ChefHelperApp-ChefHelperAppUITests/Pods-ChefHelperApp-ChefHelperAppUITests-frameworks.sh\"\n";
			showEnvVarsInLog = 0;
		};
		66E717FB0F5CF0BEA65F17F6 /* [CP] Check Pods Manifest.lock */ = {
			isa = PBXShellScriptBuildPhase;
			buildActionMask = 2147483647;
			files = (
			);
			inputFileListPaths = (
			);
			inputPaths = (
				"${PODS_PODFILE_DIR_PATH}/Podfile.lock",
				"${PODS_ROOT}/Manifest.lock",
			);
			name = "[CP] Check Pods Manifest.lock";
			outputFileListPaths = (
			);
			outputPaths = (
				"$(DERIVED_FILE_DIR)/Pods-ChefHelperApp-ChefHelperAppUITests-checkManifestLockResult.txt",
			);
			runOnlyForDeploymentPostprocessing = 0;
			shellPath = /bin/sh;
			shellScript = "diff \"${PODS_PODFILE_DIR_PATH}/Podfile.lock\" \"${PODS_ROOT}/Manifest.lock\" > /dev/null\nif [ $? != 0 ] ; then\n    # print error to STDERR\n    echo \"error: The sandbox is not in sync with the Podfile.lock. Run 'pod install' or update your CocoaPods installation.\" >&2\n    exit 1\nfi\n# This output is used by Xcode 'outputs' to avoid re-running this script phase.\necho \"SUCCESS\" > \"${SCRIPT_OUTPUT_FILE_0}\"\n";
			showEnvVarsInLog = 0;
		};
		E6530F4DF074B32DB7378BA9 /* [CP] Check Pods Manifest.lock */ = {
			isa = PBXShellScriptBuildPhase;
			buildActionMask = 2147483647;
			files = (
			);
			inputFileListPaths = (
			);
			inputPaths = (
				"${PODS_PODFILE_DIR_PATH}/Podfile.lock",
				"${PODS_ROOT}/Manifest.lock",
			);
			name = "[CP] Check Pods Manifest.lock";
			outputFileListPaths = (
			);
			outputPaths = (
				"$(DERIVED_FILE_DIR)/Pods-ChefHelperApp-checkManifestLockResult.txt",
			);
			runOnlyForDeploymentPostprocessing = 0;
			shellPath = /bin/sh;
			shellScript = "diff \"${PODS_PODFILE_DIR_PATH}/Podfile.lock\" \"${PODS_ROOT}/Manifest.lock\" > /dev/null\nif [ $? != 0 ] ; then\n    # print error to STDERR\n    echo \"error: The sandbox is not in sync with the Podfile.lock. Run 'pod install' or update your CocoaPods installation.\" >&2\n    exit 1\nfi\n# This output is used by Xcode 'outputs' to avoid re-running this script phase.\necho \"SUCCESS\" > \"${SCRIPT_OUTPUT_FILE_0}\"\n";
			showEnvVarsInLog = 0;
		};
/* End PBXShellScriptBuildPhase section */

/* Begin PBXSourcesBuildPhase section */
		3896DF7E2C83EE6400C3AF25 /* Sources */ = {
			isa = PBXSourcesBuildPhase;
			buildActionMask = 2147483647;
			files = (
				386084B72C97030900E3FE3F /* ForgotPasswordViewController.swift in Sources */,
				3896E0042C840C0700C3AF25 /* RecipeCollectionViewCell.swift in Sources */,
				3896E0082C851FA400C3AF25 /* RecipeModel.swift in Sources */,
				3896E00C2C85A35D00C3AF25 /* RecipeData.swift in Sources */,
				3896DFD92C83F62D00C3AF25 /* NetworkLogger.swift in Sources */,
				3896DFCD2C83F20000C3AF25 /* SearchViewController.swift in Sources */,
				3896DFE22C83F78300C3AF25 /* KeychainWrapperError.swift in Sources */,
				3896DFCB2C83F1E500C3AF25 /* HomeViewController.swift in Sources */,
				3896DFF42C840BC900C3AF25 /* FloatingLabelTextField.swift in Sources */,
				384C93CA2C96E39600101FBF /* RegistrationViewController.swift in Sources */,
				3896DFCF2C83F22000C3AF25 /* SavedViewController.swift in Sources */,
				3896DFF62C840BC900C3AF25 /* FloatingLabelTextFieldContainerView.swift in Sources */,
				3896DFFA2C840BC900C3AF25 /* TextFieldRightView.swift in Sources */,
				38253A2F2C875A3F008FA9F8 /* DifficultyLevelComponent.swift in Sources */,
				3896DFDD2C83F66400C3AF25 /* Router.swift in Sources */,
				38A9E65E2CA06F9000A52491 /* SearchTableViewCell.swift in Sources */,
				38253A1E2C874414008FA9F8 /* DetailRecipe0TableViewCell.swift in Sources */,
				3896DFD42C83F5D700C3AF25 /* APIManager.swift in Sources */,
				3896DFF82C840BC900C3AF25 /* TextFieldLeftView.swift in Sources */,
				3896DF902C83EE6400C3AF25 /* ChefHelperApp.xcdatamodeld in Sources */,
				3896DFE72C83F8FE00C3AF25 /* AuthorisationViewController.swift in Sources */,
				384C93C62C96E35600101FBF /* LoginViewController.swift in Sources */,
				3896DF862C83EE6400C3AF25 /* AppDelegate.swift in Sources */,
				3896E0002C840BE800C3AF25 /* CategoriesCollectionViewCell.swift in Sources */,
				38D8A3922C90325200AFB151 /* DetailRecipe2TableViewCell.swift in Sources */,
				3896E0122C85C8E100C3AF25 /* DetailRecipeViewController.swift in Sources */,
				3896DFDB2C83F64A00C3AF25 /* Reachability.swift in Sources */,
				38253A242C87542F008FA9F8 /* DetailRecipe1TableViewCell.swift in Sources */,
				3896DFC82C83F18700C3AF25 /* MainTabBarController.swift in Sources */,
				3896DFD12C83F23700C3AF25 /* ProfileViewController.swift in Sources */,
				3896DFE02C83F75500C3AF25 /* KeychainWrapper.swift in Sources */,
				3896E0142C85CEBD00C3AF25 /* Utilities.swift in Sources */,
				3896DF882C83EE6400C3AF25 /* SceneDelegate.swift in Sources */,
			);
			runOnlyForDeploymentPostprocessing = 0;
		};
		3896DF972C83EE6600C3AF25 /* Sources */ = {
			isa = PBXSourcesBuildPhase;
			buildActionMask = 2147483647;
			files = (
				3896DFA02C83EE6600C3AF25 /* ChefHelperAppTests.swift in Sources */,
			);
			runOnlyForDeploymentPostprocessing = 0;
		};
		3896DFA12C83EE6600C3AF25 /* Sources */ = {
			isa = PBXSourcesBuildPhase;
			buildActionMask = 2147483647;
			files = (
				3896DFAC2C83EE6600C3AF25 /* ChefHelperAppUITestsLaunchTests.swift in Sources */,
				3896DFAA2C83EE6600C3AF25 /* ChefHelperAppUITests.swift in Sources */,
			);
			runOnlyForDeploymentPostprocessing = 0;
		};
/* End PBXSourcesBuildPhase section */

/* Begin PBXTargetDependency section */
		3896DF9D2C83EE6600C3AF25 /* PBXTargetDependency */ = {
			isa = PBXTargetDependency;
			target = 3896DF812C83EE6400C3AF25 /* ChefHelperApp */;
			targetProxy = 3896DF9C2C83EE6600C3AF25 /* PBXContainerItemProxy */;
		};
		3896DFA72C83EE6600C3AF25 /* PBXTargetDependency */ = {
			isa = PBXTargetDependency;
			target = 3896DF812C83EE6400C3AF25 /* ChefHelperApp */;
			targetProxy = 3896DFA62C83EE6600C3AF25 /* PBXContainerItemProxy */;
		};
/* End PBXTargetDependency section */

/* Begin PBXVariantGroup section */
		3896DF8B2C83EE6400C3AF25 /* Main.storyboard */ = {
			isa = PBXVariantGroup;
			children = (
				3896DF8C2C83EE6400C3AF25 /* Base */,
			);
			name = Main.storyboard;
			sourceTree = "<group>";
		};
		3896DF932C83EE6600C3AF25 /* LaunchScreen.storyboard */ = {
			isa = PBXVariantGroup;
			children = (
				3896DF942C83EE6600C3AF25 /* Base */,
			);
			name = LaunchScreen.storyboard;
			sourceTree = "<group>";
		};
/* End PBXVariantGroup section */

/* Begin XCBuildConfiguration section */
		3896DFAD2C83EE6700C3AF25 /* Debug */ = {
			isa = XCBuildConfiguration;
			buildSettings = {
				ALWAYS_SEARCH_USER_PATHS = NO;
				ASSETCATALOG_COMPILER_GENERATE_SWIFT_ASSET_SYMBOL_EXTENSIONS = YES;
				CLANG_ANALYZER_NONNULL = YES;
				CLANG_ANALYZER_NUMBER_OBJECT_CONVERSION = YES_AGGRESSIVE;
				CLANG_CXX_LANGUAGE_STANDARD = "gnu++20";
				CLANG_ENABLE_MODULES = YES;
				CLANG_ENABLE_OBJC_ARC = YES;
				CLANG_ENABLE_OBJC_WEAK = YES;
				CLANG_WARN_BLOCK_CAPTURE_AUTORELEASING = YES;
				CLANG_WARN_BOOL_CONVERSION = YES;
				CLANG_WARN_COMMA = YES;
				CLANG_WARN_CONSTANT_CONVERSION = YES;
				CLANG_WARN_DEPRECATED_OBJC_IMPLEMENTATIONS = YES;
				CLANG_WARN_DIRECT_OBJC_ISA_USAGE = YES_ERROR;
				CLANG_WARN_DOCUMENTATION_COMMENTS = YES;
				CLANG_WARN_EMPTY_BODY = YES;
				CLANG_WARN_ENUM_CONVERSION = YES;
				CLANG_WARN_INFINITE_RECURSION = YES;
				CLANG_WARN_INT_CONVERSION = YES;
				CLANG_WARN_NON_LITERAL_NULL_CONVERSION = YES;
				CLANG_WARN_OBJC_IMPLICIT_RETAIN_SELF = YES;
				CLANG_WARN_OBJC_LITERAL_CONVERSION = YES;
				CLANG_WARN_OBJC_ROOT_CLASS = YES_ERROR;
				CLANG_WARN_QUOTED_INCLUDE_IN_FRAMEWORK_HEADER = YES;
				CLANG_WARN_RANGE_LOOP_ANALYSIS = YES;
				CLANG_WARN_STRICT_PROTOTYPES = YES;
				CLANG_WARN_SUSPICIOUS_MOVE = YES;
				CLANG_WARN_UNGUARDED_AVAILABILITY = YES_AGGRESSIVE;
				CLANG_WARN_UNREACHABLE_CODE = YES;
				CLANG_WARN__DUPLICATE_METHOD_MATCH = YES;
				COPY_PHASE_STRIP = NO;
				DEBUG_INFORMATION_FORMAT = dwarf;
				ENABLE_STRICT_OBJC_MSGSEND = YES;
				ENABLE_TESTABILITY = YES;
				ENABLE_USER_SCRIPT_SANDBOXING = YES;
				GCC_C_LANGUAGE_STANDARD = gnu17;
				GCC_DYNAMIC_NO_PIC = NO;
				GCC_NO_COMMON_BLOCKS = YES;
				GCC_OPTIMIZATION_LEVEL = 0;
				GCC_PREPROCESSOR_DEFINITIONS = (
					"DEBUG=1",
					"$(inherited)",
				);
				GCC_WARN_64_TO_32_BIT_CONVERSION = YES;
				GCC_WARN_ABOUT_RETURN_TYPE = YES_ERROR;
				GCC_WARN_UNDECLARED_SELECTOR = YES;
				GCC_WARN_UNINITIALIZED_AUTOS = YES_AGGRESSIVE;
				GCC_WARN_UNUSED_FUNCTION = YES;
				GCC_WARN_UNUSED_VARIABLE = YES;
				IPHONEOS_DEPLOYMENT_TARGET = 17.5;
				LOCALIZATION_PREFERS_STRING_CATALOGS = YES;
				MTL_ENABLE_DEBUG_INFO = INCLUDE_SOURCE;
				MTL_FAST_MATH = YES;
				ONLY_ACTIVE_ARCH = YES;
				SDKROOT = iphoneos;
				SWIFT_ACTIVE_COMPILATION_CONDITIONS = "DEBUG $(inherited)";
				SWIFT_OPTIMIZATION_LEVEL = "-Onone";
			};
			name = Debug;
		};
		3896DFAE2C83EE6700C3AF25 /* Release */ = {
			isa = XCBuildConfiguration;
			buildSettings = {
				ALWAYS_SEARCH_USER_PATHS = NO;
				ASSETCATALOG_COMPILER_GENERATE_SWIFT_ASSET_SYMBOL_EXTENSIONS = YES;
				CLANG_ANALYZER_NONNULL = YES;
				CLANG_ANALYZER_NUMBER_OBJECT_CONVERSION = YES_AGGRESSIVE;
				CLANG_CXX_LANGUAGE_STANDARD = "gnu++20";
				CLANG_ENABLE_MODULES = YES;
				CLANG_ENABLE_OBJC_ARC = YES;
				CLANG_ENABLE_OBJC_WEAK = YES;
				CLANG_WARN_BLOCK_CAPTURE_AUTORELEASING = YES;
				CLANG_WARN_BOOL_CONVERSION = YES;
				CLANG_WARN_COMMA = YES;
				CLANG_WARN_CONSTANT_CONVERSION = YES;
				CLANG_WARN_DEPRECATED_OBJC_IMPLEMENTATIONS = YES;
				CLANG_WARN_DIRECT_OBJC_ISA_USAGE = YES_ERROR;
				CLANG_WARN_DOCUMENTATION_COMMENTS = YES;
				CLANG_WARN_EMPTY_BODY = YES;
				CLANG_WARN_ENUM_CONVERSION = YES;
				CLANG_WARN_INFINITE_RECURSION = YES;
				CLANG_WARN_INT_CONVERSION = YES;
				CLANG_WARN_NON_LITERAL_NULL_CONVERSION = YES;
				CLANG_WARN_OBJC_IMPLICIT_RETAIN_SELF = YES;
				CLANG_WARN_OBJC_LITERAL_CONVERSION = YES;
				CLANG_WARN_OBJC_ROOT_CLASS = YES_ERROR;
				CLANG_WARN_QUOTED_INCLUDE_IN_FRAMEWORK_HEADER = YES;
				CLANG_WARN_RANGE_LOOP_ANALYSIS = YES;
				CLANG_WARN_STRICT_PROTOTYPES = YES;
				CLANG_WARN_SUSPICIOUS_MOVE = YES;
				CLANG_WARN_UNGUARDED_AVAILABILITY = YES_AGGRESSIVE;
				CLANG_WARN_UNREACHABLE_CODE = YES;
				CLANG_WARN__DUPLICATE_METHOD_MATCH = YES;
				COPY_PHASE_STRIP = NO;
				DEBUG_INFORMATION_FORMAT = "dwarf-with-dsym";
				ENABLE_NS_ASSERTIONS = NO;
				ENABLE_STRICT_OBJC_MSGSEND = YES;
				ENABLE_USER_SCRIPT_SANDBOXING = YES;
				GCC_C_LANGUAGE_STANDARD = gnu17;
				GCC_NO_COMMON_BLOCKS = YES;
				GCC_WARN_64_TO_32_BIT_CONVERSION = YES;
				GCC_WARN_ABOUT_RETURN_TYPE = YES_ERROR;
				GCC_WARN_UNDECLARED_SELECTOR = YES;
				GCC_WARN_UNINITIALIZED_AUTOS = YES_AGGRESSIVE;
				GCC_WARN_UNUSED_FUNCTION = YES;
				GCC_WARN_UNUSED_VARIABLE = YES;
				IPHONEOS_DEPLOYMENT_TARGET = 17.5;
				LOCALIZATION_PREFERS_STRING_CATALOGS = YES;
				MTL_ENABLE_DEBUG_INFO = NO;
				MTL_FAST_MATH = YES;
				SDKROOT = iphoneos;
				SWIFT_COMPILATION_MODE = wholemodule;
				VALIDATE_PRODUCT = YES;
			};
			name = Release;
		};
		3896DFB02C83EE6700C3AF25 /* Debug */ = {
			isa = XCBuildConfiguration;
			baseConfigurationReference = 7637235EF7A8DC3870373D5D /* Pods-ChefHelperApp.debug.xcconfig */;
			buildSettings = {
				ASSETCATALOG_COMPILER_APPICON_NAME = AppIcon;
				ASSETCATALOG_COMPILER_GLOBAL_ACCENT_COLOR_NAME = AccentColor;
				CODE_SIGN_STYLE = Automatic;
				CURRENT_PROJECT_VERSION = 1;
				DEVELOPMENT_TEAM = F8J5BWAXX8;
				ENABLE_USER_SCRIPT_SANDBOXING = NO;
				GENERATE_INFOPLIST_FILE = YES;
				INFOPLIST_FILE = ChefHelperApp/Info.plist;
				INFOPLIST_KEY_CFBundleDisplayName = ChefHelper;
				INFOPLIST_KEY_LSApplicationCategoryType = "public.app-category.food-and-drink";
				INFOPLIST_KEY_UIApplicationSupportsIndirectInputEvents = YES;
				INFOPLIST_KEY_UILaunchStoryboardName = LaunchScreen;
				INFOPLIST_KEY_UIMainStoryboardFile = Main;
				INFOPLIST_KEY_UISupportedInterfaceOrientations_iPad = "UIInterfaceOrientationPortrait UIInterfaceOrientationPortraitUpsideDown UIInterfaceOrientationLandscapeLeft UIInterfaceOrientationLandscapeRight";
				INFOPLIST_KEY_UISupportedInterfaceOrientations_iPhone = "UIInterfaceOrientationPortrait UIInterfaceOrientationLandscapeLeft UIInterfaceOrientationLandscapeRight";
				LD_RUNPATH_SEARCH_PATHS = (
					"$(inherited)",
					"@executable_path/Frameworks",
				);
				MARKETING_VERSION = 1.0;
				PRODUCT_BUNDLE_IDENTIFIER = com.marcohu.ChefHelperApp;
				PRODUCT_NAME = "$(TARGET_NAME)";
				SWIFT_EMIT_LOC_STRINGS = YES;
				SWIFT_VERSION = 5.0;
				TARGETED_DEVICE_FAMILY = "1,2";
			};
			name = Debug;
		};
		3896DFB12C83EE6700C3AF25 /* Release */ = {
			isa = XCBuildConfiguration;
			baseConfigurationReference = DF906A0F52748601E0DA20F5 /* Pods-ChefHelperApp.release.xcconfig */;
			buildSettings = {
				ASSETCATALOG_COMPILER_APPICON_NAME = AppIcon;
				ASSETCATALOG_COMPILER_GLOBAL_ACCENT_COLOR_NAME = AccentColor;
				CODE_SIGN_STYLE = Automatic;
				CURRENT_PROJECT_VERSION = 1;
				DEVELOPMENT_TEAM = F8J5BWAXX8;
				ENABLE_USER_SCRIPT_SANDBOXING = NO;
				GENERATE_INFOPLIST_FILE = YES;
				INFOPLIST_FILE = ChefHelperApp/Info.plist;
				INFOPLIST_KEY_CFBundleDisplayName = ChefHelper;
				INFOPLIST_KEY_LSApplicationCategoryType = "public.app-category.food-and-drink";
				INFOPLIST_KEY_UIApplicationSupportsIndirectInputEvents = YES;
				INFOPLIST_KEY_UILaunchStoryboardName = LaunchScreen;
				INFOPLIST_KEY_UIMainStoryboardFile = Main;
				INFOPLIST_KEY_UISupportedInterfaceOrientations_iPad = "UIInterfaceOrientationPortrait UIInterfaceOrientationPortraitUpsideDown UIInterfaceOrientationLandscapeLeft UIInterfaceOrientationLandscapeRight";
				INFOPLIST_KEY_UISupportedInterfaceOrientations_iPhone = "UIInterfaceOrientationPortrait UIInterfaceOrientationLandscapeLeft UIInterfaceOrientationLandscapeRight";
				LD_RUNPATH_SEARCH_PATHS = (
					"$(inherited)",
					"@executable_path/Frameworks",
				);
				MARKETING_VERSION = 1.0;
				PRODUCT_BUNDLE_IDENTIFIER = com.marcohu.ChefHelperApp;
				PRODUCT_NAME = "$(TARGET_NAME)";
				SWIFT_EMIT_LOC_STRINGS = YES;
				SWIFT_VERSION = 5.0;
				TARGETED_DEVICE_FAMILY = "1,2";
			};
			name = Release;
		};
		3896DFB32C83EE6700C3AF25 /* Debug */ = {
			isa = XCBuildConfiguration;
			baseConfigurationReference = D53A15250435CD06C2C793B9 /* Pods-ChefHelperAppTests.debug.xcconfig */;
			buildSettings = {
				ALWAYS_EMBED_SWIFT_STANDARD_LIBRARIES = YES;
				BUNDLE_LOADER = "$(TEST_HOST)";
				CODE_SIGN_STYLE = Automatic;
				CURRENT_PROJECT_VERSION = 1;
				DEVELOPMENT_TEAM = F8J5BWAXX8;
				GENERATE_INFOPLIST_FILE = YES;
				IPHONEOS_DEPLOYMENT_TARGET = 17.5;
				MARKETING_VERSION = 1.0;
				PRODUCT_BUNDLE_IDENTIFIER = com.marcohu.ChefHelperAppTests;
				PRODUCT_NAME = "$(TARGET_NAME)";
				SWIFT_EMIT_LOC_STRINGS = NO;
				SWIFT_VERSION = 5.0;
				TARGETED_DEVICE_FAMILY = "1,2";
				TEST_HOST = "$(BUILT_PRODUCTS_DIR)/ChefHelperApp.app/$(BUNDLE_EXECUTABLE_FOLDER_PATH)/ChefHelperApp";
			};
			name = Debug;
		};
		3896DFB42C83EE6700C3AF25 /* Release */ = {
			isa = XCBuildConfiguration;
			baseConfigurationReference = C587A57098C27B939191B66E /* Pods-ChefHelperAppTests.release.xcconfig */;
			buildSettings = {
				ALWAYS_EMBED_SWIFT_STANDARD_LIBRARIES = YES;
				BUNDLE_LOADER = "$(TEST_HOST)";
				CODE_SIGN_STYLE = Automatic;
				CURRENT_PROJECT_VERSION = 1;
				DEVELOPMENT_TEAM = F8J5BWAXX8;
				GENERATE_INFOPLIST_FILE = YES;
				IPHONEOS_DEPLOYMENT_TARGET = 17.5;
				MARKETING_VERSION = 1.0;
				PRODUCT_BUNDLE_IDENTIFIER = com.marcohu.ChefHelperAppTests;
				PRODUCT_NAME = "$(TARGET_NAME)";
				SWIFT_EMIT_LOC_STRINGS = NO;
				SWIFT_VERSION = 5.0;
				TARGETED_DEVICE_FAMILY = "1,2";
				TEST_HOST = "$(BUILT_PRODUCTS_DIR)/ChefHelperApp.app/$(BUNDLE_EXECUTABLE_FOLDER_PATH)/ChefHelperApp";
			};
			name = Release;
		};
		3896DFB62C83EE6700C3AF25 /* Debug */ = {
			isa = XCBuildConfiguration;
			baseConfigurationReference = FFB74AADA7C376C427A5F70E /* Pods-ChefHelperApp-ChefHelperAppUITests.debug.xcconfig */;
			buildSettings = {
				ALWAYS_EMBED_SWIFT_STANDARD_LIBRARIES = YES;
				CODE_SIGN_STYLE = Automatic;
				CURRENT_PROJECT_VERSION = 1;
				DEVELOPMENT_TEAM = F8J5BWAXX8;
				GENERATE_INFOPLIST_FILE = YES;
				MARKETING_VERSION = 1.0;
				PRODUCT_BUNDLE_IDENTIFIER = com.marcohu.ChefHelperAppUITests;
				PRODUCT_NAME = "$(TARGET_NAME)";
				SWIFT_EMIT_LOC_STRINGS = NO;
				SWIFT_VERSION = 5.0;
				TARGETED_DEVICE_FAMILY = "1,2";
				TEST_TARGET_NAME = ChefHelperApp;
			};
			name = Debug;
		};
		3896DFB72C83EE6700C3AF25 /* Release */ = {
			isa = XCBuildConfiguration;
			baseConfigurationReference = 84EF97684A28F8C8CE7B2871 /* Pods-ChefHelperApp-ChefHelperAppUITests.release.xcconfig */;
			buildSettings = {
				ALWAYS_EMBED_SWIFT_STANDARD_LIBRARIES = YES;
				CODE_SIGN_STYLE = Automatic;
				CURRENT_PROJECT_VERSION = 1;
				DEVELOPMENT_TEAM = F8J5BWAXX8;
				GENERATE_INFOPLIST_FILE = YES;
				MARKETING_VERSION = 1.0;
				PRODUCT_BUNDLE_IDENTIFIER = com.marcohu.ChefHelperAppUITests;
				PRODUCT_NAME = "$(TARGET_NAME)";
				SWIFT_EMIT_LOC_STRINGS = NO;
				SWIFT_VERSION = 5.0;
				TARGETED_DEVICE_FAMILY = "1,2";
				TEST_TARGET_NAME = ChefHelperApp;
			};
			name = Release;
		};
/* End XCBuildConfiguration section */

/* Begin XCConfigurationList section */
		3896DF7D2C83EE6400C3AF25 /* Build configuration list for PBXProject "ChefHelperApp" */ = {
			isa = XCConfigurationList;
			buildConfigurations = (
				3896DFAD2C83EE6700C3AF25 /* Debug */,
				3896DFAE2C83EE6700C3AF25 /* Release */,
			);
			defaultConfigurationIsVisible = 0;
			defaultConfigurationName = Release;
		};
		3896DFAF2C83EE6700C3AF25 /* Build configuration list for PBXNativeTarget "ChefHelperApp" */ = {
			isa = XCConfigurationList;
			buildConfigurations = (
				3896DFB02C83EE6700C3AF25 /* Debug */,
				3896DFB12C83EE6700C3AF25 /* Release */,
			);
			defaultConfigurationIsVisible = 0;
			defaultConfigurationName = Release;
		};
		3896DFB22C83EE6700C3AF25 /* Build configuration list for PBXNativeTarget "ChefHelperAppTests" */ = {
			isa = XCConfigurationList;
			buildConfigurations = (
				3896DFB32C83EE6700C3AF25 /* Debug */,
				3896DFB42C83EE6700C3AF25 /* Release */,
			);
			defaultConfigurationIsVisible = 0;
			defaultConfigurationName = Release;
		};
		3896DFB52C83EE6700C3AF25 /* Build configuration list for PBXNativeTarget "ChefHelperAppUITests" */ = {
			isa = XCConfigurationList;
			buildConfigurations = (
				3896DFB62C83EE6700C3AF25 /* Debug */,
				3896DFB72C83EE6700C3AF25 /* Release */,
			);
			defaultConfigurationIsVisible = 0;
			defaultConfigurationName = Release;
		};
/* End XCConfigurationList section */

/* Begin XCRemoteSwiftPackageReference section */
		3896DFD52C83F60E00C3AF25 /* XCRemoteSwiftPackageReference "Alamofire" */ = {
			isa = XCRemoteSwiftPackageReference;
			repositoryURL = "https://github.com/Alamofire/Alamofire.git";
			requirement = {
				kind = upToNextMajorVersion;
				minimumVersion = 5.9.1;
			};
		};
		78A29B2F2CA07E52009DF7E9 /* XCRemoteSwiftPackageReference "firebase-ios-sdk" */ = {
			isa = XCRemoteSwiftPackageReference;
			repositoryURL = "https://github.com/firebase/firebase-ios-sdk.git";
			requirement = {
				kind = upToNextMajorVersion;
				minimumVersion = 11.2.0;
			};
		};
/* End XCRemoteSwiftPackageReference section */

/* Begin XCSwiftPackageProductDependency section */
		3896E0092C85255100C3AF25 /* Alamofire */ = {
			isa = XCSwiftPackageProductDependency;
			package = 3896DFD52C83F60E00C3AF25 /* XCRemoteSwiftPackageReference "Alamofire" */;
			productName = Alamofire;
		};
		78A29B302CA07E52009DF7E9 /* FirebaseAnalytics */ = {
			isa = XCSwiftPackageProductDependency;
			package = 78A29B2F2CA07E52009DF7E9 /* XCRemoteSwiftPackageReference "firebase-ios-sdk" */;
			productName = FirebaseAnalytics;
		};
		78A29B322CA07E52009DF7E9 /* FirebaseAnalyticsOnDeviceConversion */ = {
			isa = XCSwiftPackageProductDependency;
			package = 78A29B2F2CA07E52009DF7E9 /* XCRemoteSwiftPackageReference "firebase-ios-sdk" */;
			productName = FirebaseAnalyticsOnDeviceConversion;
		};
		78A29B342CA07E52009DF7E9 /* FirebaseAnalyticsWithoutAdIdSupport */ = {
			isa = XCSwiftPackageProductDependency;
			package = 78A29B2F2CA07E52009DF7E9 /* XCRemoteSwiftPackageReference "firebase-ios-sdk" */;
			productName = FirebaseAnalyticsWithoutAdIdSupport;
		};
		78A29B362CA07E52009DF7E9 /* FirebaseAppCheck */ = {
			isa = XCSwiftPackageProductDependency;
			package = 78A29B2F2CA07E52009DF7E9 /* XCRemoteSwiftPackageReference "firebase-ios-sdk" */;
			productName = FirebaseAppCheck;
		};
		78A29B382CA07E52009DF7E9 /* FirebaseAppDistribution-Beta */ = {
			isa = XCSwiftPackageProductDependency;
			package = 78A29B2F2CA07E52009DF7E9 /* XCRemoteSwiftPackageReference "firebase-ios-sdk" */;
			productName = "FirebaseAppDistribution-Beta";
		};
		78A29B3A2CA07E52009DF7E9 /* FirebaseAuth */ = {
			isa = XCSwiftPackageProductDependency;
			package = 78A29B2F2CA07E52009DF7E9 /* XCRemoteSwiftPackageReference "firebase-ios-sdk" */;
			productName = FirebaseAuth;
		};
		78A29B3C2CA07E52009DF7E9 /* FirebaseAuthCombine-Community */ = {
			isa = XCSwiftPackageProductDependency;
			package = 78A29B2F2CA07E52009DF7E9 /* XCRemoteSwiftPackageReference "firebase-ios-sdk" */;
			productName = "FirebaseAuthCombine-Community";
		};
		78A29B3E2CA07E52009DF7E9 /* FirebaseCrashlytics */ = {
			isa = XCSwiftPackageProductDependency;
			package = 78A29B2F2CA07E52009DF7E9 /* XCRemoteSwiftPackageReference "firebase-ios-sdk" */;
			productName = FirebaseCrashlytics;
		};
		78A29B402CA07E52009DF7E9 /* FirebaseDatabase */ = {
			isa = XCSwiftPackageProductDependency;
			package = 78A29B2F2CA07E52009DF7E9 /* XCRemoteSwiftPackageReference "firebase-ios-sdk" */;
			productName = FirebaseDatabase;
		};
		78A29B422CA07E52009DF7E9 /* FirebaseDynamicLinks */ = {
			isa = XCSwiftPackageProductDependency;
			package = 78A29B2F2CA07E52009DF7E9 /* XCRemoteSwiftPackageReference "firebase-ios-sdk" */;
			productName = FirebaseDynamicLinks;
		};
		78A29B442CA07E52009DF7E9 /* FirebaseFirestore */ = {
			isa = XCSwiftPackageProductDependency;
			package = 78A29B2F2CA07E52009DF7E9 /* XCRemoteSwiftPackageReference "firebase-ios-sdk" */;
			productName = FirebaseFirestore;
		};
		78A29B462CA07E52009DF7E9 /* FirebaseFirestoreCombine-Community */ = {
			isa = XCSwiftPackageProductDependency;
			package = 78A29B2F2CA07E52009DF7E9 /* XCRemoteSwiftPackageReference "firebase-ios-sdk" */;
			productName = "FirebaseFirestoreCombine-Community";
		};
		78A29B482CA07E52009DF7E9 /* FirebaseFunctions */ = {
			isa = XCSwiftPackageProductDependency;
			package = 78A29B2F2CA07E52009DF7E9 /* XCRemoteSwiftPackageReference "firebase-ios-sdk" */;
			productName = FirebaseFunctions;
		};
		78A29B4A2CA07E52009DF7E9 /* FirebaseFunctionsCombine-Community */ = {
			isa = XCSwiftPackageProductDependency;
			package = 78A29B2F2CA07E52009DF7E9 /* XCRemoteSwiftPackageReference "firebase-ios-sdk" */;
			productName = "FirebaseFunctionsCombine-Community";
		};
		78A29B4C2CA07E52009DF7E9 /* FirebaseInAppMessaging-Beta */ = {
			isa = XCSwiftPackageProductDependency;
			package = 78A29B2F2CA07E52009DF7E9 /* XCRemoteSwiftPackageReference "firebase-ios-sdk" */;
			productName = "FirebaseInAppMessaging-Beta";
		};
		78A29B4E2CA07E52009DF7E9 /* FirebaseInstallations */ = {
			isa = XCSwiftPackageProductDependency;
			package = 78A29B2F2CA07E52009DF7E9 /* XCRemoteSwiftPackageReference "firebase-ios-sdk" */;
			productName = FirebaseInstallations;
		};
		78A29B502CA07E52009DF7E9 /* FirebaseMLModelDownloader */ = {
			isa = XCSwiftPackageProductDependency;
			package = 78A29B2F2CA07E52009DF7E9 /* XCRemoteSwiftPackageReference "firebase-ios-sdk" */;
			productName = FirebaseMLModelDownloader;
		};
		78A29B522CA07E52009DF7E9 /* FirebaseMessaging */ = {
			isa = XCSwiftPackageProductDependency;
			package = 78A29B2F2CA07E52009DF7E9 /* XCRemoteSwiftPackageReference "firebase-ios-sdk" */;
			productName = FirebaseMessaging;
		};
		78A29B542CA07E52009DF7E9 /* FirebasePerformance */ = {
			isa = XCSwiftPackageProductDependency;
			package = 78A29B2F2CA07E52009DF7E9 /* XCRemoteSwiftPackageReference "firebase-ios-sdk" */;
			productName = FirebasePerformance;
		};
		78A29B562CA07E52009DF7E9 /* FirebaseRemoteConfig */ = {
			isa = XCSwiftPackageProductDependency;
			package = 78A29B2F2CA07E52009DF7E9 /* XCRemoteSwiftPackageReference "firebase-ios-sdk" */;
			productName = FirebaseRemoteConfig;
		};
		78A29B582CA07E52009DF7E9 /* FirebaseStorage */ = {
			isa = XCSwiftPackageProductDependency;
			package = 78A29B2F2CA07E52009DF7E9 /* XCRemoteSwiftPackageReference "firebase-ios-sdk" */;
			productName = FirebaseStorage;
		};
		78A29B5A2CA07E52009DF7E9 /* FirebaseStorageCombine-Community */ = {
			isa = XCSwiftPackageProductDependency;
			package = 78A29B2F2CA07E52009DF7E9 /* XCRemoteSwiftPackageReference "firebase-ios-sdk" */;
			productName = "FirebaseStorageCombine-Community";
		};
		78A29B5C2CA07E52009DF7E9 /* FirebaseVertexAI-Preview */ = {
			isa = XCSwiftPackageProductDependency;
			package = 78A29B2F2CA07E52009DF7E9 /* XCRemoteSwiftPackageReference "firebase-ios-sdk" */;
			productName = "FirebaseVertexAI-Preview";
		};
/* End XCSwiftPackageProductDependency section */

/* Begin XCVersionGroup section */
		3896DF8E2C83EE6400C3AF25 /* ChefHelperApp.xcdatamodeld */ = {
			isa = XCVersionGroup;
			children = (
				3896DF8F2C83EE6400C3AF25 /* ChefHelperApp.xcdatamodel */,
			);
			currentVersion = 3896DF8F2C83EE6400C3AF25 /* ChefHelperApp.xcdatamodel */;
			path = ChefHelperApp.xcdatamodeld;
			sourceTree = "<group>";
			versionGroupType = wrapper.xcdatamodel;
		};
/* End XCVersionGroup section */
	};
	rootObject = 3896DF7A2C83EE6400C3AF25 /* Project object */;
}
