// !$*UTF8*$!
{
	archiveVersion = 1;
	classes = {
	};
	objectVersion = 56;
	objects = {

/* Begin PBXBuildFile section */
		3896DF862C83EE6400C3AF25 /* AppDelegate.swift in Sources */ = {isa = PBXBuildFile; fileRef = 3896DF852C83EE6400C3AF25 /* AppDelegate.swift */; };
		3896DF882C83EE6400C3AF25 /* SceneDelegate.swift in Sources */ = {isa = PBXBuildFile; fileRef = 3896DF872C83EE6400C3AF25 /* SceneDelegate.swift */; };
		3896DF8D2C83EE6400C3AF25 /* Base in Resources */ = {isa = PBXBuildFile; fileRef = 3896DF8C2C83EE6400C3AF25 /* Base */; };
		3896DF902C83EE6400C3AF25 /* ChefHelperApp.xcdatamodeld in Sources */ = {isa = PBXBuildFile; fileRef = 3896DF8E2C83EE6400C3AF25 /* ChefHelperApp.xcdatamodeld */; };
		3896DF922C83EE6600C3AF25 /* Assets.xcassets in Resources */ = {isa = PBXBuildFile; fileRef = 3896DF912C83EE6600C3AF25 /* Assets.xcassets */; };
		3896DF952C83EE6600C3AF25 /* Base in Resources */ = {isa = PBXBuildFile; fileRef = 3896DF942C83EE6600C3AF25 /* Base */; };
		3896DFA02C83EE6600C3AF25 /* ChefHelperAppTests.swift in Sources */ = {isa = PBXBuildFile; fileRef = 3896DF9F2C83EE6600C3AF25 /* ChefHelperAppTests.swift */; };
		3896DFAA2C83EE6600C3AF25 /* ChefHelperAppUITests.swift in Sources */ = {isa = PBXBuildFile; fileRef = 3896DFA92C83EE6600C3AF25 /* ChefHelperAppUITests.swift */; };
		3896DFAC2C83EE6600C3AF25 /* ChefHelperAppUITestsLaunchTests.swift in Sources */ = {isa = PBXBuildFile; fileRef = 3896DFAB2C83EE6600C3AF25 /* ChefHelperAppUITestsLaunchTests.swift */; };
		3896DFBF2C83F12300C3AF25 /* Home.storyboard in Resources */ = {isa = PBXBuildFile; fileRef = 3896DFBE2C83F12300C3AF25 /* Home.storyboard */; };
		3896DFC12C83F12F00C3AF25 /* Search.storyboard in Resources */ = {isa = PBXBuildFile; fileRef = 3896DFC02C83F12F00C3AF25 /* Search.storyboard */; };
		3896DFC42C83F14200C3AF25 /* Saved.storyboard in Resources */ = {isa = PBXBuildFile; fileRef = 3896DFC32C83F14200C3AF25 /* Saved.storyboard */; };
		3896DFC62C83F14A00C3AF25 /* Profile.storyboard in Resources */ = {isa = PBXBuildFile; fileRef = 3896DFC52C83F14A00C3AF25 /* Profile.storyboard */; };
		3896DFC82C83F18700C3AF25 /* MainTabBarController.swift in Sources */ = {isa = PBXBuildFile; fileRef = 3896DFC72C83F18700C3AF25 /* MainTabBarController.swift */; };
		3896DFCB2C83F1E500C3AF25 /* HomeViewController.swift in Sources */ = {isa = PBXBuildFile; fileRef = 3896DFCA2C83F1E500C3AF25 /* HomeViewController.swift */; };
		3896DFCD2C83F20000C3AF25 /* SearchViewController.swift in Sources */ = {isa = PBXBuildFile; fileRef = 3896DFCC2C83F20000C3AF25 /* SearchViewController.swift */; };
		3896DFCF2C83F22000C3AF25 /* SavedViewController.swift in Sources */ = {isa = PBXBuildFile; fileRef = 3896DFCE2C83F22000C3AF25 /* SavedViewController.swift */; };
		3896DFD12C83F23700C3AF25 /* ProfileViewController.swift in Sources */ = {isa = PBXBuildFile; fileRef = 3896DFD02C83F23700C3AF25 /* ProfileViewController.swift */; };
		3896DFD42C83F5D700C3AF25 /* APIManager.swift in Sources */ = {isa = PBXBuildFile; fileRef = 3896DFD32C83F5D700C3AF25 /* APIManager.swift */; };
		3896DFD92C83F62D00C3AF25 /* NetworkLogger.swift in Sources */ = {isa = PBXBuildFile; fileRef = 3896DFD82C83F62D00C3AF25 /* NetworkLogger.swift */; };
		3896DFDB2C83F64A00C3AF25 /* Reachability.swift in Sources */ = {isa = PBXBuildFile; fileRef = 3896DFDA2C83F64A00C3AF25 /* Reachability.swift */; };
		3896DFDD2C83F66400C3AF25 /* Router.swift in Sources */ = {isa = PBXBuildFile; fileRef = 3896DFDC2C83F66400C3AF25 /* Router.swift */; };
		3896DFE02C83F75500C3AF25 /* KeychainWrapper.swift in Sources */ = {isa = PBXBuildFile; fileRef = 3896DFDF2C83F75500C3AF25 /* KeychainWrapper.swift */; };
		3896DFE22C83F78300C3AF25 /* KeychainWrapperError.swift in Sources */ = {isa = PBXBuildFile; fileRef = 3896DFE12C83F78300C3AF25 /* KeychainWrapperError.swift */; };
		3896DFE52C83F8E800C3AF25 /* Authorisation.storyboard in Resources */ = {isa = PBXBuildFile; fileRef = 3896DFE42C83F8E800C3AF25 /* Authorisation.storyboard */; };
		3896DFE72C83F8FE00C3AF25 /* AuthorisationViewController.swift in Sources */ = {isa = PBXBuildFile; fileRef = 3896DFE62C83F8FE00C3AF25 /* AuthorisationViewController.swift */; };
		3896DFF42C840BC900C3AF25 /* FloatingLabelTextField.swift in Sources */ = {isa = PBXBuildFile; fileRef = 3896DFEB2C840BC900C3AF25 /* FloatingLabelTextField.swift */; };
		3896DFF52C840BC900C3AF25 /* FloatingLabelTextField.xib in Resources */ = {isa = PBXBuildFile; fileRef = 3896DFEC2C840BC900C3AF25 /* FloatingLabelTextField.xib */; };
		3896DFF62C840BC900C3AF25 /* FloatingLabelTextFieldContainerView.swift in Sources */ = {isa = PBXBuildFile; fileRef = 3896DFED2C840BC900C3AF25 /* FloatingLabelTextFieldContainerView.swift */; };
		3896DFF72C840BC900C3AF25 /* FloatingLabelTextFieldContainerView.xib in Resources */ = {isa = PBXBuildFile; fileRef = 3896DFEE2C840BC900C3AF25 /* FloatingLabelTextFieldContainerView.xib */; };
		3896DFF82C840BC900C3AF25 /* TextFieldLeftView.swift in Sources */ = {isa = PBXBuildFile; fileRef = 3896DFEF2C840BC900C3AF25 /* TextFieldLeftView.swift */; };
		3896DFF92C840BC900C3AF25 /* TextFieldLeftView.xib in Resources */ = {isa = PBXBuildFile; fileRef = 3896DFF02C840BC900C3AF25 /* TextFieldLeftView.xib */; };
		3896DFFA2C840BC900C3AF25 /* TextFieldRightView.swift in Sources */ = {isa = PBXBuildFile; fileRef = 3896DFF12C840BC900C3AF25 /* TextFieldRightView.swift */; };
		3896DFFB2C840BC900C3AF25 /* TextFieldRightView.xib in Resources */ = {isa = PBXBuildFile; fileRef = 3896DFF22C840BC900C3AF25 /* TextFieldRightView.xib */; };
		3896DFFF2C840BE800C3AF25 /* CategoriesCollectionViewCell.xib in Resources */ = {isa = PBXBuildFile; fileRef = 3896DFFC2C840BE800C3AF25 /* CategoriesCollectionViewCell.xib */; };
		3896E0002C840BE800C3AF25 /* CategoriesCollectionViewCell.swift in Sources */ = {isa = PBXBuildFile; fileRef = 3896DFFD2C840BE800C3AF25 /* CategoriesCollectionViewCell.swift */; };
		3896E0042C840C0700C3AF25 /* RecipeCollectionViewCell.swift in Sources */ = {isa = PBXBuildFile; fileRef = 3896E0012C840C0700C3AF25 /* RecipeCollectionViewCell.swift */; };
		3896E0052C840C0700C3AF25 /* RecipeCollectionViewCell.xib in Resources */ = {isa = PBXBuildFile; fileRef = 3896E0022C840C0700C3AF25 /* RecipeCollectionViewCell.xib */; };
		3896E0082C851FA400C3AF25 /* RecipeModel.swift in Sources */ = {isa = PBXBuildFile; fileRef = 3896E0072C851FA400C3AF25 /* RecipeModel.swift */; };
		3896E00A2C85255100C3AF25 /* Alamofire in Frameworks */ = {isa = PBXBuildFile; productRef = 3896E0092C85255100C3AF25 /* Alamofire */; };
		3896E00C2C85A35D00C3AF25 /* RecipeData.swift in Sources */ = {isa = PBXBuildFile; fileRef = 3896E00B2C85A35D00C3AF25 /* RecipeData.swift */; };
/* End PBXBuildFile section */

/* Begin PBXContainerItemProxy section */
		3896DF9C2C83EE6600C3AF25 /* PBXContainerItemProxy */ = {
			isa = PBXContainerItemProxy;
			containerPortal = 3896DF7A2C83EE6400C3AF25 /* Project object */;
			proxyType = 1;
			remoteGlobalIDString = 3896DF812C83EE6400C3AF25;
			remoteInfo = ChefHelperApp;
		};
		3896DFA62C83EE6600C3AF25 /* PBXContainerItemProxy */ = {
			isa = PBXContainerItemProxy;
			containerPortal = 3896DF7A2C83EE6400C3AF25 /* Project object */;
			proxyType = 1;
			remoteGlobalIDString = 3896DF812C83EE6400C3AF25;
			remoteInfo = ChefHelperApp;
		};
/* End PBXContainerItemProxy section */

/* Begin PBXFileReference section */
		3896DF822C83EE6400C3AF25 /* ChefHelperApp.app */ = {isa = PBXFileReference; explicitFileType = wrapper.application; includeInIndex = 0; path = ChefHelperApp.app; sourceTree = BUILT_PRODUCTS_DIR; };
		3896DF852C83EE6400C3AF25 /* AppDelegate.swift */ = {isa = PBXFileReference; lastKnownFileType = sourcecode.swift; path = AppDelegate.swift; sourceTree = "<group>"; };
		3896DF872C83EE6400C3AF25 /* SceneDelegate.swift */ = {isa = PBXFileReference; lastKnownFileType = sourcecode.swift; path = SceneDelegate.swift; sourceTree = "<group>"; };
		3896DF8C2C83EE6400C3AF25 /* Base */ = {isa = PBXFileReference; lastKnownFileType = file.storyboard; name = Base; path = Base.lproj/Main.storyboard; sourceTree = "<group>"; };
		3896DF8F2C83EE6400C3AF25 /* ChefHelperApp.xcdatamodel */ = {isa = PBXFileReference; lastKnownFileType = wrapper.xcdatamodel; path = ChefHelperApp.xcdatamodel; sourceTree = "<group>"; };
		3896DF912C83EE6600C3AF25 /* Assets.xcassets */ = {isa = PBXFileReference; lastKnownFileType = folder.assetcatalog; path = Assets.xcassets; sourceTree = "<group>"; };
		3896DF942C83EE6600C3AF25 /* Base */ = {isa = PBXFileReference; lastKnownFileType = file.storyboard; name = Base; path = Base.lproj/LaunchScreen.storyboard; sourceTree = "<group>"; };
		3896DF962C83EE6600C3AF25 /* Info.plist */ = {isa = PBXFileReference; lastKnownFileType = text.plist.xml; path = Info.plist; sourceTree = "<group>"; };
		3896DF9B2C83EE6600C3AF25 /* ChefHelperAppTests.xctest */ = {isa = PBXFileReference; explicitFileType = wrapper.cfbundle; includeInIndex = 0; path = ChefHelperAppTests.xctest; sourceTree = BUILT_PRODUCTS_DIR; };
		3896DF9F2C83EE6600C3AF25 /* ChefHelperAppTests.swift */ = {isa = PBXFileReference; lastKnownFileType = sourcecode.swift; path = ChefHelperAppTests.swift; sourceTree = "<group>"; };
		3896DFA52C83EE6600C3AF25 /* ChefHelperAppUITests.xctest */ = {isa = PBXFileReference; explicitFileType = wrapper.cfbundle; includeInIndex = 0; path = ChefHelperAppUITests.xctest; sourceTree = BUILT_PRODUCTS_DIR; };
		3896DFA92C83EE6600C3AF25 /* ChefHelperAppUITests.swift */ = {isa = PBXFileReference; lastKnownFileType = sourcecode.swift; path = ChefHelperAppUITests.swift; sourceTree = "<group>"; };
		3896DFAB2C83EE6600C3AF25 /* ChefHelperAppUITestsLaunchTests.swift */ = {isa = PBXFileReference; lastKnownFileType = sourcecode.swift; path = ChefHelperAppUITestsLaunchTests.swift; sourceTree = "<group>"; };
		3896DFBE2C83F12300C3AF25 /* Home.storyboard */ = {isa = PBXFileReference; lastKnownFileType = file.storyboard; path = Home.storyboard; sourceTree = "<group>"; };
		3896DFC02C83F12F00C3AF25 /* Search.storyboard */ = {isa = PBXFileReference; lastKnownFileType = file.storyboard; path = Search.storyboard; sourceTree = "<group>"; };
		3896DFC32C83F14200C3AF25 /* Saved.storyboard */ = {isa = PBXFileReference; lastKnownFileType = file.storyboard; path = Saved.storyboard; sourceTree = "<group>"; };
		3896DFC52C83F14A00C3AF25 /* Profile.storyboard */ = {isa = PBXFileReference; lastKnownFileType = file.storyboard; path = Profile.storyboard; sourceTree = "<group>"; };
		3896DFC72C83F18700C3AF25 /* MainTabBarController.swift */ = {isa = PBXFileReference; lastKnownFileType = sourcecode.swift; path = MainTabBarController.swift; sourceTree = "<group>"; };
		3896DFCA2C83F1E500C3AF25 /* HomeViewController.swift */ = {isa = PBXFileReference; lastKnownFileType = sourcecode.swift; path = HomeViewController.swift; sourceTree = "<group>"; };
		3896DFCC2C83F20000C3AF25 /* SearchViewController.swift */ = {isa = PBXFileReference; lastKnownFileType = sourcecode.swift; path = SearchViewController.swift; sourceTree = "<group>"; };
		3896DFCE2C83F22000C3AF25 /* SavedViewController.swift */ = {isa = PBXFileReference; lastKnownFileType = sourcecode.swift; path = SavedViewController.swift; sourceTree = "<group>"; };
		3896DFD02C83F23700C3AF25 /* ProfileViewController.swift */ = {isa = PBXFileReference; lastKnownFileType = sourcecode.swift; path = ProfileViewController.swift; sourceTree = "<group>"; };
		3896DFD32C83F5D700C3AF25 /* APIManager.swift */ = {isa = PBXFileReference; lastKnownFileType = sourcecode.swift; path = APIManager.swift; sourceTree = "<group>"; };
		3896DFD82C83F62D00C3AF25 /* NetworkLogger.swift */ = {isa = PBXFileReference; lastKnownFileType = sourcecode.swift; path = NetworkLogger.swift; sourceTree = "<group>"; };
		3896DFDA2C83F64A00C3AF25 /* Reachability.swift */ = {isa = PBXFileReference; lastKnownFileType = sourcecode.swift; path = Reachability.swift; sourceTree = "<group>"; };
		3896DFDC2C83F66400C3AF25 /* Router.swift */ = {isa = PBXFileReference; lastKnownFileType = sourcecode.swift; path = Router.swift; sourceTree = "<group>"; };
		3896DFDF2C83F75500C3AF25 /* KeychainWrapper.swift */ = {isa = PBXFileReference; lastKnownFileType = sourcecode.swift; path = KeychainWrapper.swift; sourceTree = "<group>"; };
		3896DFE12C83F78300C3AF25 /* KeychainWrapperError.swift */ = {isa = PBXFileReference; lastKnownFileType = sourcecode.swift; path = KeychainWrapperError.swift; sourceTree = "<group>"; };
		3896DFE42C83F8E800C3AF25 /* Authorisation.storyboard */ = {isa = PBXFileReference; lastKnownFileType = file.storyboard; path = Authorisation.storyboard; sourceTree = "<group>"; };
		3896DFE62C83F8FE00C3AF25 /* AuthorisationViewController.swift */ = {isa = PBXFileReference; lastKnownFileType = sourcecode.swift; path = AuthorisationViewController.swift; sourceTree = "<group>"; };
		3896DFEB2C840BC900C3AF25 /* FloatingLabelTextField.swift */ = {isa = PBXFileReference; fileEncoding = 4; lastKnownFileType = sourcecode.swift; path = FloatingLabelTextField.swift; sourceTree = "<group>"; };
		3896DFEC2C840BC900C3AF25 /* FloatingLabelTextField.xib */ = {isa = PBXFileReference; fileEncoding = 4; lastKnownFileType = file.xib; path = FloatingLabelTextField.xib; sourceTree = "<group>"; };
		3896DFED2C840BC900C3AF25 /* FloatingLabelTextFieldContainerView.swift */ = {isa = PBXFileReference; fileEncoding = 4; lastKnownFileType = sourcecode.swift; path = FloatingLabelTextFieldContainerView.swift; sourceTree = "<group>"; };
		3896DFEE2C840BC900C3AF25 /* FloatingLabelTextFieldContainerView.xib */ = {isa = PBXFileReference; fileEncoding = 4; lastKnownFileType = file.xib; path = FloatingLabelTextFieldContainerView.xib; sourceTree = "<group>"; };
		3896DFEF2C840BC900C3AF25 /* TextFieldLeftView.swift */ = {isa = PBXFileReference; fileEncoding = 4; lastKnownFileType = sourcecode.swift; path = TextFieldLeftView.swift; sourceTree = "<group>"; };
		3896DFF02C840BC900C3AF25 /* TextFieldLeftView.xib */ = {isa = PBXFileReference; fileEncoding = 4; lastKnownFileType = file.xib; path = TextFieldLeftView.xib; sourceTree = "<group>"; };
		3896DFF12C840BC900C3AF25 /* TextFieldRightView.swift */ = {isa = PBXFileReference; fileEncoding = 4; lastKnownFileType = sourcecode.swift; path = TextFieldRightView.swift; sourceTree = "<group>"; };
		3896DFF22C840BC900C3AF25 /* TextFieldRightView.xib */ = {isa = PBXFileReference; fileEncoding = 4; lastKnownFileType = file.xib; path = TextFieldRightView.xib; sourceTree = "<group>"; };
		3896DFFC2C840BE800C3AF25 /* CategoriesCollectionViewCell.xib */ = {isa = PBXFileReference; fileEncoding = 4; lastKnownFileType = file.xib; path = CategoriesCollectionViewCell.xib; sourceTree = "<group>"; };
		3896DFFD2C840BE800C3AF25 /* CategoriesCollectionViewCell.swift */ = {isa = PBXFileReference; fileEncoding = 4; lastKnownFileType = sourcecode.swift; path = CategoriesCollectionViewCell.swift; sourceTree = "<group>"; };
		3896E0012C840C0700C3AF25 /* RecipeCollectionViewCell.swift */ = {isa = PBXFileReference; fileEncoding = 4; lastKnownFileType = sourcecode.swift; path = RecipeCollectionViewCell.swift; sourceTree = "<group>"; };
		3896E0022C840C0700C3AF25 /* RecipeCollectionViewCell.xib */ = {isa = PBXFileReference; fileEncoding = 4; lastKnownFileType = file.xib; path = RecipeCollectionViewCell.xib; sourceTree = "<group>"; };
		3896E0072C851FA400C3AF25 /* RecipeModel.swift */ = {isa = PBXFileReference; lastKnownFileType = sourcecode.swift; path = RecipeModel.swift; sourceTree = "<group>"; };
		3896E00B2C85A35D00C3AF25 /* RecipeData.swift */ = {isa = PBXFileReference; lastKnownFileType = sourcecode.swift; path = RecipeData.swift; sourceTree = "<group>"; };
/* End PBXFileReference section */

/* Begin PBXFrameworksBuildPhase section */
		3896DF7F2C83EE6400C3AF25 /* Frameworks */ = {
			isa = PBXFrameworksBuildPhase;
			buildActionMask = 2147483647;
			files = (
				3896E00A2C85255100C3AF25 /* Alamofire in Frameworks */,
			);
			runOnlyForDeploymentPostprocessing = 0;
		};
		3896DF982C83EE6600C3AF25 /* Frameworks */ = {
			isa = PBXFrameworksBuildPhase;
			buildActionMask = 2147483647;
			files = (
			);
			runOnlyForDeploymentPostprocessing = 0;
		};
		3896DFA22C83EE6600C3AF25 /* Frameworks */ = {
			isa = PBXFrameworksBuildPhase;
			buildActionMask = 2147483647;
			files = (
			);
			runOnlyForDeploymentPostprocessing = 0;
		};
/* End PBXFrameworksBuildPhase section */

/* Begin PBXGroup section */
		3896DF792C83EE6400C3AF25 = {
			isa = PBXGroup;
			children = (
				3896DF842C83EE6400C3AF25 /* ChefHelperApp */,
				3896DF9E2C83EE6600C3AF25 /* ChefHelperAppTests */,
				3896DFA82C83EE6600C3AF25 /* ChefHelperAppUITests */,
				3896DF832C83EE6400C3AF25 /* Products */,
			);
			sourceTree = "<group>";
		};
		3896DF832C83EE6400C3AF25 /* Products */ = {
			isa = PBXGroup;
			children = (
				3896DF822C83EE6400C3AF25 /* ChefHelperApp.app */,
				3896DF9B2C83EE6600C3AF25 /* ChefHelperAppTests.xctest */,
				3896DFA52C83EE6600C3AF25 /* ChefHelperAppUITests.xctest */,
			);
			name = Products;
			sourceTree = "<group>";
		};
		3896DF842C83EE6400C3AF25 /* ChefHelperApp */ = {
			isa = PBXGroup;
			children = (
				3896DFC92C83F18B00C3AF25 /* CustomComponents */,
				3896DFE32C83F8C800C3AF25 /* Authorisation */,
				3896DFDE2C83F73A00C3AF25 /* Keychain */,
				3896DFD22C83F5AA00C3AF25 /* NetworkServices */,
				3896DFBD2C83F10100C3AF25 /* Profile */,
				3896DFBC2C83F0EE00C3AF25 /* Saved */,
				3896DFBB2C83F0E600C3AF25 /* Search */,
				3896DFBA2C83F0DF00C3AF25 /* Home */,
				3896DFB82C83EFC000C3AF25 /* MainTabBar */,
				3896E0062C851F8900C3AF25 /* Models */,
				3896DF852C83EE6400C3AF25 /* AppDelegate.swift */,
				3896DF872C83EE6400C3AF25 /* SceneDelegate.swift */,
				3896DF912C83EE6600C3AF25 /* Assets.xcassets */,
				3896DF932C83EE6600C3AF25 /* LaunchScreen.storyboard */,
				3896DF962C83EE6600C3AF25 /* Info.plist */,
				3896DF8E2C83EE6400C3AF25 /* ChefHelperApp.xcdatamodeld */,
			);
			path = ChefHelperApp;
			sourceTree = "<group>";
		};
		3896DF9E2C83EE6600C3AF25 /* ChefHelperAppTests */ = {
			isa = PBXGroup;
			children = (
				3896DF9F2C83EE6600C3AF25 /* ChefHelperAppTests.swift */,
			);
			path = ChefHelperAppTests;
			sourceTree = "<group>";
		};
		3896DFA82C83EE6600C3AF25 /* ChefHelperAppUITests */ = {
			isa = PBXGroup;
			children = (
				3896DFA92C83EE6600C3AF25 /* ChefHelperAppUITests.swift */,
				3896DFAB2C83EE6600C3AF25 /* ChefHelperAppUITestsLaunchTests.swift */,
			);
			path = ChefHelperAppUITests;
			sourceTree = "<group>";
		};
		3896DFB82C83EFC000C3AF25 /* MainTabBar */ = {
			isa = PBXGroup;
			children = (
				3896DF8B2C83EE6400C3AF25 /* Main.storyboard */,
				3896DFC72C83F18700C3AF25 /* MainTabBarController.swift */,
			);
			name = MainTabBar;
			sourceTree = "<group>";
		};
		3896DFBA2C83F0DF00C3AF25 /* Home */ = {
			isa = PBXGroup;
			children = (
				3896DFBE2C83F12300C3AF25 /* Home.storyboard */,
				3896DFCA2C83F1E500C3AF25 /* HomeViewController.swift */,
			);
			name = Home;
			sourceTree = "<group>";
		};
		3896DFBB2C83F0E600C3AF25 /* Search */ = {
			isa = PBXGroup;
			children = (
				3896DFC02C83F12F00C3AF25 /* Search.storyboard */,
				3896DFCC2C83F20000C3AF25 /* SearchViewController.swift */,
			);
			name = Search;
			sourceTree = "<group>";
		};
		3896DFBC2C83F0EE00C3AF25 /* Saved */ = {
			isa = PBXGroup;
			children = (
				3896DFC32C83F14200C3AF25 /* Saved.storyboard */,
				3896DFCE2C83F22000C3AF25 /* SavedViewController.swift */,
			);
			name = Saved;
			sourceTree = "<group>";
		};
		3896DFBD2C83F10100C3AF25 /* Profile */ = {
			isa = PBXGroup;
			children = (
				3896DFC52C83F14A00C3AF25 /* Profile.storyboard */,
				3896DFD02C83F23700C3AF25 /* ProfileViewController.swift */,
			);
			name = Profile;
			sourceTree = "<group>";
		};
		3896DFC92C83F18B00C3AF25 /* CustomComponents */ = {
			isa = PBXGroup;
			children = (
				3896DFF32C840BC900C3AF25 /* FloatingLabelTextField */,
				3896DFFE2C840BE800C3AF25 /* CategoriesCollectionCell */,
				3896E0032C840C0700C3AF25 /* RecipeCollectionCell */,
			);
			name = CustomComponents;
			sourceTree = "<group>";
		};
		3896DFD22C83F5AA00C3AF25 /* NetworkServices */ = {
			isa = PBXGroup;
			children = (
				3896DFD32C83F5D700C3AF25 /* APIManager.swift */,
				3896DFD82C83F62D00C3AF25 /* NetworkLogger.swift */,
				3896DFDA2C83F64A00C3AF25 /* Reachability.swift */,
				3896DFDC2C83F66400C3AF25 /* Router.swift */,
			);
			name = NetworkServices;
			sourceTree = "<group>";
		};
		3896DFDE2C83F73A00C3AF25 /* Keychain */ = {
			isa = PBXGroup;
			children = (
				3896DFDF2C83F75500C3AF25 /* KeychainWrapper.swift */,
				3896DFE12C83F78300C3AF25 /* KeychainWrapperError.swift */,
			);
			name = Keychain;
			sourceTree = "<group>";
		};
		3896DFE32C83F8C800C3AF25 /* Authorisation */ = {
			isa = PBXGroup;
			children = (
				3896DFE42C83F8E800C3AF25 /* Authorisation.storyboard */,
				3896DFE62C83F8FE00C3AF25 /* AuthorisationViewController.swift */,
			);
			name = Authorisation;
			sourceTree = "<group>";
		};
		3896DFF32C840BC900C3AF25 /* FloatingLabelTextField */ = {
			isa = PBXGroup;
			children = (
				3896DFEB2C840BC900C3AF25 /* FloatingLabelTextField.swift */,
				3896DFEC2C840BC900C3AF25 /* FloatingLabelTextField.xib */,
				3896DFED2C840BC900C3AF25 /* FloatingLabelTextFieldContainerView.swift */,
				3896DFEE2C840BC900C3AF25 /* FloatingLabelTextFieldContainerView.xib */,
				3896DFEF2C840BC900C3AF25 /* TextFieldLeftView.swift */,
				3896DFF02C840BC900C3AF25 /* TextFieldLeftView.xib */,
				3896DFF12C840BC900C3AF25 /* TextFieldRightView.swift */,
				3896DFF22C840BC900C3AF25 /* TextFieldRightView.xib */,
			);
			path = FloatingLabelTextField;
			sourceTree = "<group>";
		};
		3896DFFE2C840BE800C3AF25 /* CategoriesCollectionCell */ = {
			isa = PBXGroup;
			children = (
				3896DFFC2C840BE800C3AF25 /* CategoriesCollectionViewCell.xib */,
				3896DFFD2C840BE800C3AF25 /* CategoriesCollectionViewCell.swift */,
			);
			path = CategoriesCollectionCell;
			sourceTree = "<group>";
		};
		3896E0032C840C0700C3AF25 /* RecipeCollectionCell */ = {
			isa = PBXGroup;
			children = (
				3896E0022C840C0700C3AF25 /* RecipeCollectionViewCell.xib */,
				3896E0012C840C0700C3AF25 /* RecipeCollectionViewCell.swift */,
			);
			path = RecipeCollectionCell;
			sourceTree = "<group>";
		};
		3896E0062C851F8900C3AF25 /* Models */ = {
			isa = PBXGroup;
			children = (
				3896E0072C851FA400C3AF25 /* RecipeModel.swift */,
				3896E00B2C85A35D00C3AF25 /* RecipeData.swift */,
			);
			name = Models;
			sourceTree = "<group>";
		};
/* End PBXGroup section */

/* Begin PBXNativeTarget section */
		3896DF812C83EE6400C3AF25 /* ChefHelperApp */ = {
			isa = PBXNativeTarget;
			buildConfigurationList = 3896DFAF2C83EE6700C3AF25 /* Build configuration list for PBXNativeTarget "ChefHelperApp" */;
			buildPhases = (
				3896DF7E2C83EE6400C3AF25 /* Sources */,
				3896DF7F2C83EE6400C3AF25 /* Frameworks */,
				3896DF802C83EE6400C3AF25 /* Resources */,
			);
			buildRules = (
			);
			dependencies = (
			);
			name = ChefHelperApp;
			packageProductDependencies = (
				3896E0092C85255100C3AF25 /* Alamofire */,
			);
			productName = ChefHelperApp;
			productReference = 3896DF822C83EE6400C3AF25 /* ChefHelperApp.app */;
			productType = "com.apple.product-type.application";
		};
		3896DF9A2C83EE6600C3AF25 /* ChefHelperAppTests */ = {
			isa = PBXNativeTarget;
			buildConfigurationList = 3896DFB22C83EE6700C3AF25 /* Build configuration list for PBXNativeTarget "ChefHelperAppTests" */;
			buildPhases = (
				3896DF972C83EE6600C3AF25 /* Sources */,
				3896DF982C83EE6600C3AF25 /* Frameworks */,
				3896DF992C83EE6600C3AF25 /* Resources */,
			);
			buildRules = (
			);
			dependencies = (
				3896DF9D2C83EE6600C3AF25 /* PBXTargetDependency */,
			);
			name = ChefHelperAppTests;
			productName = ChefHelperAppTests;
			productReference = 3896DF9B2C83EE6600C3AF25 /* ChefHelperAppTests.xctest */;
			productType = "com.apple.product-type.bundle.unit-test";
		};
		3896DFA42C83EE6600C3AF25 /* ChefHelperAppUITests */ = {
			isa = PBXNativeTarget;
			buildConfigurationList = 3896DFB52C83EE6700C3AF25 /* Build configuration list for PBXNativeTarget "ChefHelperAppUITests" */;
			buildPhases = (
				3896DFA12C83EE6600C3AF25 /* Sources */,
				3896DFA22C83EE6600C3AF25 /* Frameworks */,
				3896DFA32C83EE6600C3AF25 /* Resources */,
			);
			buildRules = (
			);
			dependencies = (
				3896DFA72C83EE6600C3AF25 /* PBXTargetDependency */,
			);
			name = ChefHelperAppUITests;
			productName = ChefHelperAppUITests;
			productReference = 3896DFA52C83EE6600C3AF25 /* ChefHelperAppUITests.xctest */;
			productType = "com.apple.product-type.bundle.ui-testing";
		};
/* End PBXNativeTarget section */

/* Begin PBXProject section */
		3896DF7A2C83EE6400C3AF25 /* Project object */ = {
			isa = PBXProject;
			attributes = {
				BuildIndependentTargetsInParallel = 1;
				LastSwiftUpdateCheck = 1540;
				LastUpgradeCheck = 1540;
				TargetAttributes = {
					3896DF812C83EE6400C3AF25 = {
						CreatedOnToolsVersion = 15.4;
					};
					3896DF9A2C83EE6600C3AF25 = {
						CreatedOnToolsVersion = 15.4;
						TestTargetID = 3896DF812C83EE6400C3AF25;
					};
					3896DFA42C83EE6600C3AF25 = {
						CreatedOnToolsVersion = 15.4;
						TestTargetID = 3896DF812C83EE6400C3AF25;
					};
				};
			};
			buildConfigurationList = 3896DF7D2C83EE6400C3AF25 /* Build configuration list for PBXProject "ChefHelperApp" */;
			compatibilityVersion = "Xcode 14.0";
			developmentRegion = en;
			hasScannedForEncodings = 0;
			knownRegions = (
				en,
				Base,
			);
			mainGroup = 3896DF792C83EE6400C3AF25;
			packageReferences = (
				3896DFD52C83F60E00C3AF25 /* XCRemoteSwiftPackageReference "Alamofire" */,
			);
			productRefGroup = 3896DF832C83EE6400C3AF25 /* Products */;
			projectDirPath = "";
			projectRoot = "";
			targets = (
				3896DF812C83EE6400C3AF25 /* ChefHelperApp */,
				3896DF9A2C83EE6600C3AF25 /* ChefHelperAppTests */,
				3896DFA42C83EE6600C3AF25 /* ChefHelperAppUITests */,
			);
		};
/* End PBXProject section */

/* Begin PBXResourcesBuildPhase section */
		3896DF802C83EE6400C3AF25 /* Resources */ = {
			isa = PBXResourcesBuildPhase;
			buildActionMask = 2147483647;
			files = (
				3896DF922C83EE6600C3AF25 /* Assets.xcassets in Resources */,
				3896DFE52C83F8E800C3AF25 /* Authorisation.storyboard in Resources */,
				3896DFF52C840BC900C3AF25 /* FloatingLabelTextField.xib in Resources */,
				3896DFF72C840BC900C3AF25 /* FloatingLabelTextFieldContainerView.xib in Resources */,
				3896DF952C83EE6600C3AF25 /* Base in Resources */,
				3896DFFB2C840BC900C3AF25 /* TextFieldRightView.xib in Resources */,
				3896DF8D2C83EE6400C3AF25 /* Base in Resources */,
				3896DFF92C840BC900C3AF25 /* TextFieldLeftView.xib in Resources */,
				3896DFBF2C83F12300C3AF25 /* Home.storyboard in Resources */,
				3896DFC42C83F14200C3AF25 /* Saved.storyboard in Resources */,
				3896DFC62C83F14A00C3AF25 /* Profile.storyboard in Resources */,
				3896E0052C840C0700C3AF25 /* RecipeCollectionViewCell.xib in Resources */,
				3896DFFF2C840BE800C3AF25 /* CategoriesCollectionViewCell.xib in Resources */,
				3896DFC12C83F12F00C3AF25 /* Search.storyboard in Resources */,
			);
			runOnlyForDeploymentPostprocessing = 0;
		};
		3896DF992C83EE6600C3AF25 /* Resources */ = {
			isa = PBXResourcesBuildPhase;
			buildActionMask = 2147483647;
			files = (
			);
			runOnlyForDeploymentPostprocessing = 0;
		};
		3896DFA32C83EE6600C3AF25 /* Resources */ = {
			isa = PBXResourcesBuildPhase;
			buildActionMask = 2147483647;
			files = (
			);
			runOnlyForDeploymentPostprocessing = 0;
		};
/* End PBXResourcesBuildPhase section */

/* Begin PBXSourcesBuildPhase section */
		3896DF7E2C83EE6400C3AF25 /* Sources */ = {
			isa = PBXSourcesBuildPhase;
			buildActionMask = 2147483647;
			files = (
				3896E0042C840C0700C3AF25 /* RecipeCollectionViewCell.swift in Sources */,
				3896E0082C851FA400C3AF25 /* RecipeModel.swift in Sources */,
				3896E00C2C85A35D00C3AF25 /* RecipeData.swift in Sources */,
				3896DFD92C83F62D00C3AF25 /* NetworkLogger.swift in Sources */,
				3896DFCD2C83F20000C3AF25 /* SearchViewController.swift in Sources */,
				3896DFE22C83F78300C3AF25 /* KeychainWrapperError.swift in Sources */,
				3896DFCB2C83F1E500C3AF25 /* HomeViewController.swift in Sources */,
				3896DFF42C840BC900C3AF25 /* FloatingLabelTextField.swift in Sources */,
				3896DFCF2C83F22000C3AF25 /* SavedViewController.swift in Sources */,
				3896DFF62C840BC900C3AF25 /* FloatingLabelTextFieldContainerView.swift in Sources */,
				3896DFFA2C840BC900C3AF25 /* TextFieldRightView.swift in Sources */,
				3896DFDD2C83F66400C3AF25 /* Router.swift in Sources */,
				3896DFD42C83F5D700C3AF25 /* APIManager.swift in Sources */,
				3896DFF82C840BC900C3AF25 /* TextFieldLeftView.swift in Sources */,
				3896DF902C83EE6400C3AF25 /* ChefHelperApp.xcdatamodeld in Sources */,
				3896DFE72C83F8FE00C3AF25 /* AuthorisationViewController.swift in Sources */,
				3896DF862C83EE6400C3AF25 /* AppDelegate.swift in Sources */,
				3896E0002C840BE800C3AF25 /* CategoriesCollectionViewCell.swift in Sources */,
				3896DFDB2C83F64A00C3AF25 /* Reachability.swift in Sources */,
				3896DFC82C83F18700C3AF25 /* MainTabBarController.swift in Sources */,
				3896DFD12C83F23700C3AF25 /* ProfileViewController.swift in Sources */,
				3896DFE02C83F75500C3AF25 /* KeychainWrapper.swift in Sources */,
				3896DF882C83EE6400C3AF25 /* SceneDelegate.swift in Sources */,
			);
			runOnlyForDeploymentPostprocessing = 0;
		};
		3896DF972C83EE6600C3AF25 /* Sources */ = {
			isa = PBXSourcesBuildPhase;
			buildActionMask = 2147483647;
			files = (
				3896DFA02C83EE6600C3AF25 /* ChefHelperAppTests.swift in Sources */,
			);
			runOnlyForDeploymentPostprocessing = 0;
		};
		3896DFA12C83EE6600C3AF25 /* Sources */ = {
			isa = PBXSourcesBuildPhase;
			buildActionMask = 2147483647;
			files = (
				3896DFAC2C83EE6600C3AF25 /* ChefHelperAppUITestsLaunchTests.swift in Sources */,
				3896DFAA2C83EE6600C3AF25 /* ChefHelperAppUITests.swift in Sources */,
			);
			runOnlyForDeploymentPostprocessing = 0;
		};
/* End PBXSourcesBuildPhase section */

/* Begin PBXTargetDependency section */
		3896DF9D2C83EE6600C3AF25 /* PBXTargetDependency */ = {
			isa = PBXTargetDependency;
			target = 3896DF812C83EE6400C3AF25 /* ChefHelperApp */;
			targetProxy = 3896DF9C2C83EE6600C3AF25 /* PBXContainerItemProxy */;
		};
		3896DFA72C83EE6600C3AF25 /* PBXTargetDependency */ = {
			isa = PBXTargetDependency;
			target = 3896DF812C83EE6400C3AF25 /* ChefHelperApp */;
			targetProxy = 3896DFA62C83EE6600C3AF25 /* PBXContainerItemProxy */;
		};
/* End PBXTargetDependency section */

/* Begin PBXVariantGroup section */
		3896DF8B2C83EE6400C3AF25 /* Main.storyboard */ = {
			isa = PBXVariantGroup;
			children = (
				3896DF8C2C83EE6400C3AF25 /* Base */,
			);
			name = Main.storyboard;
			sourceTree = "<group>";
		};
		3896DF932C83EE6600C3AF25 /* LaunchScreen.storyboard */ = {
			isa = PBXVariantGroup;
			children = (
				3896DF942C83EE6600C3AF25 /* Base */,
			);
			name = LaunchScreen.storyboard;
			sourceTree = "<group>";
		};
/* End PBXVariantGroup section */

/* Begin XCBuildConfiguration section */
		3896DFAD2C83EE6700C3AF25 /* Debug */ = {
			isa = XCBuildConfiguration;
			buildSettings = {
				ALWAYS_SEARCH_USER_PATHS = NO;
				ASSETCATALOG_COMPILER_GENERATE_SWIFT_ASSET_SYMBOL_EXTENSIONS = YES;
				CLANG_ANALYZER_NONNULL = YES;
				CLANG_ANALYZER_NUMBER_OBJECT_CONVERSION = YES_AGGRESSIVE;
				CLANG_CXX_LANGUAGE_STANDARD = "gnu++20";
				CLANG_ENABLE_MODULES = YES;
				CLANG_ENABLE_OBJC_ARC = YES;
				CLANG_ENABLE_OBJC_WEAK = YES;
				CLANG_WARN_BLOCK_CAPTURE_AUTORELEASING = YES;
				CLANG_WARN_BOOL_CONVERSION = YES;
				CLANG_WARN_COMMA = YES;
				CLANG_WARN_CONSTANT_CONVERSION = YES;
				CLANG_WARN_DEPRECATED_OBJC_IMPLEMENTATIONS = YES;
				CLANG_WARN_DIRECT_OBJC_ISA_USAGE = YES_ERROR;
				CLANG_WARN_DOCUMENTATION_COMMENTS = YES;
				CLANG_WARN_EMPTY_BODY = YES;
				CLANG_WARN_ENUM_CONVERSION = YES;
				CLANG_WARN_INFINITE_RECURSION = YES;
				CLANG_WARN_INT_CONVERSION = YES;
				CLANG_WARN_NON_LITERAL_NULL_CONVERSION = YES;
				CLANG_WARN_OBJC_IMPLICIT_RETAIN_SELF = YES;
				CLANG_WARN_OBJC_LITERAL_CONVERSION = YES;
				CLANG_WARN_OBJC_ROOT_CLASS = YES_ERROR;
				CLANG_WARN_QUOTED_INCLUDE_IN_FRAMEWORK_HEADER = YES;
				CLANG_WARN_RANGE_LOOP_ANALYSIS = YES;
				CLANG_WARN_STRICT_PROTOTYPES = YES;
				CLANG_WARN_SUSPICIOUS_MOVE = YES;
				CLANG_WARN_UNGUARDED_AVAILABILITY = YES_AGGRESSIVE;
				CLANG_WARN_UNREACHABLE_CODE = YES;
				CLANG_WARN__DUPLICATE_METHOD_MATCH = YES;
				COPY_PHASE_STRIP = NO;
				DEBUG_INFORMATION_FORMAT = dwarf;
				ENABLE_STRICT_OBJC_MSGSEND = YES;
				ENABLE_TESTABILITY = YES;
				ENABLE_USER_SCRIPT_SANDBOXING = YES;
				GCC_C_LANGUAGE_STANDARD = gnu17;
				GCC_DYNAMIC_NO_PIC = NO;
				GCC_NO_COMMON_BLOCKS = YES;
				GCC_OPTIMIZATION_LEVEL = 0;
				GCC_PREPROCESSOR_DEFINITIONS = (
					"DEBUG=1",
					"$(inherited)",
				);
				GCC_WARN_64_TO_32_BIT_CONVERSION = YES;
				GCC_WARN_ABOUT_RETURN_TYPE = YES_ERROR;
				GCC_WARN_UNDECLARED_SELECTOR = YES;
				GCC_WARN_UNINITIALIZED_AUTOS = YES_AGGRESSIVE;
				GCC_WARN_UNUSED_FUNCTION = YES;
				GCC_WARN_UNUSED_VARIABLE = YES;
				IPHONEOS_DEPLOYMENT_TARGET = 17.5;
				LOCALIZATION_PREFERS_STRING_CATALOGS = YES;
				MTL_ENABLE_DEBUG_INFO = INCLUDE_SOURCE;
				MTL_FAST_MATH = YES;
				ONLY_ACTIVE_ARCH = YES;
				SDKROOT = iphoneos;
				SWIFT_ACTIVE_COMPILATION_CONDITIONS = "DEBUG $(inherited)";
				SWIFT_OPTIMIZATION_LEVEL = "-Onone";
			};
			name = Debug;
		};
		3896DFAE2C83EE6700C3AF25 /* Release */ = {
			isa = XCBuildConfiguration;
			buildSettings = {
				ALWAYS_SEARCH_USER_PATHS = NO;
				ASSETCATALOG_COMPILER_GENERATE_SWIFT_ASSET_SYMBOL_EXTENSIONS = YES;
				CLANG_ANALYZER_NONNULL = YES;
				CLANG_ANALYZER_NUMBER_OBJECT_CONVERSION = YES_AGGRESSIVE;
				CLANG_CXX_LANGUAGE_STANDARD = "gnu++20";
				CLANG_ENABLE_MODULES = YES;
				CLANG_ENABLE_OBJC_ARC = YES;
				CLANG_ENABLE_OBJC_WEAK = YES;
				CLANG_WARN_BLOCK_CAPTURE_AUTORELEASING = YES;
				CLANG_WARN_BOOL_CONVERSION = YES;
				CLANG_WARN_COMMA = YES;
				CLANG_WARN_CONSTANT_CONVERSION = YES;
				CLANG_WARN_DEPRECATED_OBJC_IMPLEMENTATIONS = YES;
				CLANG_WARN_DIRECT_OBJC_ISA_USAGE = YES_ERROR;
				CLANG_WARN_DOCUMENTATION_COMMENTS = YES;
				CLANG_WARN_EMPTY_BODY = YES;
				CLANG_WARN_ENUM_CONVERSION = YES;
				CLANG_WARN_INFINITE_RECURSION = YES;
				CLANG_WARN_INT_CONVERSION = YES;
				CLANG_WARN_NON_LITERAL_NULL_CONVERSION = YES;
				CLANG_WARN_OBJC_IMPLICIT_RETAIN_SELF = YES;
				CLANG_WARN_OBJC_LITERAL_CONVERSION = YES;
				CLANG_WARN_OBJC_ROOT_CLASS = YES_ERROR;
				CLANG_WARN_QUOTED_INCLUDE_IN_FRAMEWORK_HEADER = YES;
				CLANG_WARN_RANGE_LOOP_ANALYSIS = YES;
				CLANG_WARN_STRICT_PROTOTYPES = YES;
				CLANG_WARN_SUSPICIOUS_MOVE = YES;
				CLANG_WARN_UNGUARDED_AVAILABILITY = YES_AGGRESSIVE;
				CLANG_WARN_UNREACHABLE_CODE = YES;
				CLANG_WARN__DUPLICATE_METHOD_MATCH = YES;
				COPY_PHASE_STRIP = NO;
				DEBUG_INFORMATION_FORMAT = "dwarf-with-dsym";
				ENABLE_NS_ASSERTIONS = NO;
				ENABLE_STRICT_OBJC_MSGSEND = YES;
				ENABLE_USER_SCRIPT_SANDBOXING = YES;
				GCC_C_LANGUAGE_STANDARD = gnu17;
				GCC_NO_COMMON_BLOCKS = YES;
				GCC_WARN_64_TO_32_BIT_CONVERSION = YES;
				GCC_WARN_ABOUT_RETURN_TYPE = YES_ERROR;
				GCC_WARN_UNDECLARED_SELECTOR = YES;
				GCC_WARN_UNINITIALIZED_AUTOS = YES_AGGRESSIVE;
				GCC_WARN_UNUSED_FUNCTION = YES;
				GCC_WARN_UNUSED_VARIABLE = YES;
				IPHONEOS_DEPLOYMENT_TARGET = 17.5;
				LOCALIZATION_PREFERS_STRING_CATALOGS = YES;
				MTL_ENABLE_DEBUG_INFO = NO;
				MTL_FAST_MATH = YES;
				SDKROOT = iphoneos;
				SWIFT_COMPILATION_MODE = wholemodule;
				VALIDATE_PRODUCT = YES;
			};
			name = Release;
		};
		3896DFB02C83EE6700C3AF25 /* Debug */ = {
			isa = XCBuildConfiguration;
			buildSettings = {
				ASSETCATALOG_COMPILER_APPICON_NAME = AppIcon;
				ASSETCATALOG_COMPILER_GLOBAL_ACCENT_COLOR_NAME = AccentColor;
				CODE_SIGN_STYLE = Automatic;
				CURRENT_PROJECT_VERSION = 1;
				DEVELOPMENT_TEAM = F8J5BWAXX8;
				GENERATE_INFOPLIST_FILE = YES;
				INFOPLIST_FILE = ChefHelperApp/Info.plist;
				INFOPLIST_KEY_UIApplicationSupportsIndirectInputEvents = YES;
				INFOPLIST_KEY_UILaunchStoryboardName = LaunchScreen;
				INFOPLIST_KEY_UIMainStoryboardFile = Main;
				INFOPLIST_KEY_UISupportedInterfaceOrientations_iPad = "UIInterfaceOrientationPortrait UIInterfaceOrientationPortraitUpsideDown UIInterfaceOrientationLandscapeLeft UIInterfaceOrientationLandscapeRight";
				INFOPLIST_KEY_UISupportedInterfaceOrientations_iPhone = "UIInterfaceOrientationPortrait UIInterfaceOrientationLandscapeLeft UIInterfaceOrientationLandscapeRight";
				LD_RUNPATH_SEARCH_PATHS = (
					"$(inherited)",
					"@executable_path/Frameworks",
				);
				MARKETING_VERSION = 1.0;
				PRODUCT_BUNDLE_IDENTIFIER = com.marcohu.ChefHelperApp;
				PRODUCT_NAME = "$(TARGET_NAME)";
				SWIFT_EMIT_LOC_STRINGS = YES;
				SWIFT_VERSION = 5.0;
				TARGETED_DEVICE_FAMILY = "1,2";
			};
			name = Debug;
		};
		3896DFB12C83EE6700C3AF25 /* Release */ = {
			isa = XCBuildConfiguration;
			buildSettings = {
				ASSETCATALOG_COMPILER_APPICON_NAME = AppIcon;
				ASSETCATALOG_COMPILER_GLOBAL_ACCENT_COLOR_NAME = AccentColor;
				CODE_SIGN_STYLE = Automatic;
				CURRENT_PROJECT_VERSION = 1;
				DEVELOPMENT_TEAM = F8J5BWAXX8;
				GENERATE_INFOPLIST_FILE = YES;
				INFOPLIST_FILE = ChefHelperApp/Info.plist;
				INFOPLIST_KEY_UIApplicationSupportsIndirectInputEvents = YES;
				INFOPLIST_KEY_UILaunchStoryboardName = LaunchScreen;
				INFOPLIST_KEY_UIMainStoryboardFile = Main;
				INFOPLIST_KEY_UISupportedInterfaceOrientations_iPad = "UIInterfaceOrientationPortrait UIInterfaceOrientationPortraitUpsideDown UIInterfaceOrientationLandscapeLeft UIInterfaceOrientationLandscapeRight";
				INFOPLIST_KEY_UISupportedInterfaceOrientations_iPhone = "UIInterfaceOrientationPortrait UIInterfaceOrientationLandscapeLeft UIInterfaceOrientationLandscapeRight";
				LD_RUNPATH_SEARCH_PATHS = (
					"$(inherited)",
					"@executable_path/Frameworks",
				);
				MARKETING_VERSION = 1.0;
				PRODUCT_BUNDLE_IDENTIFIER = com.marcohu.ChefHelperApp;
				PRODUCT_NAME = "$(TARGET_NAME)";
				SWIFT_EMIT_LOC_STRINGS = YES;
				SWIFT_VERSION = 5.0;
				TARGETED_DEVICE_FAMILY = "1,2";
			};
			name = Release;
		};
		3896DFB32C83EE6700C3AF25 /* Debug */ = {
			isa = XCBuildConfiguration;
			buildSettings = {
				ALWAYS_EMBED_SWIFT_STANDARD_LIBRARIES = YES;
				BUNDLE_LOADER = "$(TEST_HOST)";
				CODE_SIGN_STYLE = Automatic;
				CURRENT_PROJECT_VERSION = 1;
				DEVELOPMENT_TEAM = F8J5BWAXX8;
				GENERATE_INFOPLIST_FILE = YES;
				IPHONEOS_DEPLOYMENT_TARGET = 17.5;
				MARKETING_VERSION = 1.0;
				PRODUCT_BUNDLE_IDENTIFIER = com.marcohu.ChefHelperAppTests;
				PRODUCT_NAME = "$(TARGET_NAME)";
				SWIFT_EMIT_LOC_STRINGS = NO;
				SWIFT_VERSION = 5.0;
				TARGETED_DEVICE_FAMILY = "1,2";
				TEST_HOST = "$(BUILT_PRODUCTS_DIR)/ChefHelperApp.app/$(BUNDLE_EXECUTABLE_FOLDER_PATH)/ChefHelperApp";
			};
			name = Debug;
		};
		3896DFB42C83EE6700C3AF25 /* Release */ = {
			isa = XCBuildConfiguration;
			buildSettings = {
				ALWAYS_EMBED_SWIFT_STANDARD_LIBRARIES = YES;
				BUNDLE_LOADER = "$(TEST_HOST)";
				CODE_SIGN_STYLE = Automatic;
				CURRENT_PROJECT_VERSION = 1;
				DEVELOPMENT_TEAM = F8J5BWAXX8;
				GENERATE_INFOPLIST_FILE = YES;
				IPHONEOS_DEPLOYMENT_TARGET = 17.5;
				MARKETING_VERSION = 1.0;
				PRODUCT_BUNDLE_IDENTIFIER = com.marcohu.ChefHelperAppTests;
				PRODUCT_NAME = "$(TARGET_NAME)";
				SWIFT_EMIT_LOC_STRINGS = NO;
				SWIFT_VERSION = 5.0;
				TARGETED_DEVICE_FAMILY = "1,2";
				TEST_HOST = "$(BUILT_PRODUCTS_DIR)/ChefHelperApp.app/$(BUNDLE_EXECUTABLE_FOLDER_PATH)/ChefHelperApp";
			};
			name = Release;
		};
		3896DFB62C83EE6700C3AF25 /* Debug */ = {
			isa = XCBuildConfiguration;
			buildSettings = {
				ALWAYS_EMBED_SWIFT_STANDARD_LIBRARIES = YES;
				CODE_SIGN_STYLE = Automatic;
				CURRENT_PROJECT_VERSION = 1;
				DEVELOPMENT_TEAM = F8J5BWAXX8;
				GENERATE_INFOPLIST_FILE = YES;
				MARKETING_VERSION = 1.0;
				PRODUCT_BUNDLE_IDENTIFIER = com.marcohu.ChefHelperAppUITests;
				PRODUCT_NAME = "$(TARGET_NAME)";
				SWIFT_EMIT_LOC_STRINGS = NO;
				SWIFT_VERSION = 5.0;
				TARGETED_DEVICE_FAMILY = "1,2";
				TEST_TARGET_NAME = ChefHelperApp;
			};
			name = Debug;
		};
		3896DFB72C83EE6700C3AF25 /* Release */ = {
			isa = XCBuildConfiguration;
			buildSettings = {
				ALWAYS_EMBED_SWIFT_STANDARD_LIBRARIES = YES;
				CODE_SIGN_STYLE = Automatic;
				CURRENT_PROJECT_VERSION = 1;
				DEVELOPMENT_TEAM = F8J5BWAXX8;
				GENERATE_INFOPLIST_FILE = YES;
				MARKETING_VERSION = 1.0;
				PRODUCT_BUNDLE_IDENTIFIER = com.marcohu.ChefHelperAppUITests;
				PRODUCT_NAME = "$(TARGET_NAME)";
				SWIFT_EMIT_LOC_STRINGS = NO;
				SWIFT_VERSION = 5.0;
				TARGETED_DEVICE_FAMILY = "1,2";
				TEST_TARGET_NAME = ChefHelperApp;
			};
			name = Release;
		};
/* End XCBuildConfiguration section */

/* Begin XCConfigurationList section */
		3896DF7D2C83EE6400C3AF25 /* Build configuration list for PBXProject "ChefHelperApp" */ = {
			isa = XCConfigurationList;
			buildConfigurations = (
				3896DFAD2C83EE6700C3AF25 /* Debug */,
				3896DFAE2C83EE6700C3AF25 /* Release */,
			);
			defaultConfigurationIsVisible = 0;
			defaultConfigurationName = Release;
		};
		3896DFAF2C83EE6700C3AF25 /* Build configuration list for PBXNativeTarget "ChefHelperApp" */ = {
			isa = XCConfigurationList;
			buildConfigurations = (
				3896DFB02C83EE6700C3AF25 /* Debug */,
				3896DFB12C83EE6700C3AF25 /* Release */,
			);
			defaultConfigurationIsVisible = 0;
			defaultConfigurationName = Release;
		};
		3896DFB22C83EE6700C3AF25 /* Build configuration list for PBXNativeTarget "ChefHelperAppTests" */ = {
			isa = XCConfigurationList;
			buildConfigurations = (
				3896DFB32C83EE6700C3AF25 /* Debug */,
				3896DFB42C83EE6700C3AF25 /* Release */,
			);
			defaultConfigurationIsVisible = 0;
			defaultConfigurationName = Release;
		};
		3896DFB52C83EE6700C3AF25 /* Build configuration list for PBXNativeTarget "ChefHelperAppUITests" */ = {
			isa = XCConfigurationList;
			buildConfigurations = (
				3896DFB62C83EE6700C3AF25 /* Debug */,
				3896DFB72C83EE6700C3AF25 /* Release */,
			);
			defaultConfigurationIsVisible = 0;
			defaultConfigurationName = Release;
		};
/* End XCConfigurationList section */

/* Begin XCRemoteSwiftPackageReference section */
		3896DFD52C83F60E00C3AF25 /* XCRemoteSwiftPackageReference "Alamofire" */ = {
			isa = XCRemoteSwiftPackageReference;
			repositoryURL = "https://github.com/Alamofire/Alamofire.git";
			requirement = {
				kind = upToNextMajorVersion;
				minimumVersion = 5.9.1;
			};
		};
/* End XCRemoteSwiftPackageReference section */

/* Begin XCSwiftPackageProductDependency section */
		3896E0092C85255100C3AF25 /* Alamofire */ = {
			isa = XCSwiftPackageProductDependency;
			package = 3896DFD52C83F60E00C3AF25 /* XCRemoteSwiftPackageReference "Alamofire" */;
			productName = Alamofire;
		};
/* End XCSwiftPackageProductDependency section */

/* Begin XCVersionGroup section */
		3896DF8E2C83EE6400C3AF25 /* ChefHelperApp.xcdatamodeld */ = {
			isa = XCVersionGroup;
			children = (
				3896DF8F2C83EE6400C3AF25 /* ChefHelperApp.xcdatamodel */,
			);
			currentVersion = 3896DF8F2C83EE6400C3AF25 /* ChefHelperApp.xcdatamodel */;
			path = ChefHelperApp.xcdatamodeld;
			sourceTree = "<group>";
			versionGroupType = wrapper.xcdatamodel;
		};
/* End XCVersionGroup section */
	};
	rootObject = 3896DF7A2C83EE6400C3AF25 /* Project object */;
}
